
Microsoft Visual Studio Solution File, Format Version 12.00
# Visual Studio 15
VisualStudioVersion = 15.0.28307.421
MinimumVisualStudioVersion = 10.0.40219.1
Project("{9A19103F-16F7-4668-BE54-9A1E7A4F7556}") = "01 exercise", "01 exercise\01 exercise.csproj", "{12EF9D52-BA09-42B0-BFA5-6133907C9506}"
EndProject
Project("{FAE04EC0-301F-11D3-BF4B-00C04F79EFBC}") = "03 - binary operations", "03 - binary operations\03 - binary operations.csproj", "{C63C83C3-7A95-4DDA-82C2-FBDB147CD2E4}"
EndProject
Project("{FAE04EC0-301F-11D3-BF4B-00C04F79EFBC}") = "05 - array sort 5 numbers", "05 - array sort 5 numbers\05 - array sort 5 numbers.csproj", "{D52A990B-60F2-463C-A056-8EA3164A44CE}"
EndProject
Global
	GlobalSection(SolutionConfigurationPlatforms) = preSolution
		Debug|Any CPU = Debug|Any CPU
		Release|Any CPU = Release|Any CPU
	EndGlobalSection
	GlobalSection(ProjectConfigurationPlatforms) = postSolution
		{12EF9D52-BA09-42B0-BFA5-6133907C9506}.Debug|Any CPU.ActiveCfg = Debug|Any CPU
		{12EF9D52-BA09-42B0-BFA5-6133907C9506}.Debug|Any CPU.Build.0 = Debug|Any CPU
		{12EF9D52-BA09-42B0-BFA5-6133907C9506}.Release|Any CPU.ActiveCfg = Release|Any CPU
		{12EF9D52-BA09-42B0-BFA5-6133907C9506}.Release|Any CPU.Build.0 = Release|Any CPU
		{C63C83C3-7A95-4DDA-82C2-FBDB147CD2E4}.Debug|Any CPU.ActiveCfg = Debug|Any CPU
		{C63C83C3-7A95-4DDA-82C2-FBDB147CD2E4}.Debug|Any CPU.Build.0 = Debug|Any CPU
		{C63C83C3-7A95-4DDA-82C2-FBDB147CD2E4}.Release|Any CPU.ActiveCfg = Release|Any CPU
		{C63C83C3-7A95-4DDA-82C2-FBDB147CD2E4}.Release|Any CPU.Build.0 = Release|Any CPU
		{D52A990B-60F2-463C-A056-8EA3164A44CE}.Debug|Any CPU.ActiveCfg = Debug|Any CPU
		{D52A990B-60F2-463C-A056-8EA3164A44CE}.Debug|Any CPU.Build.0 = Debug|Any CPU
		{D52A990B-60F2-463C-A056-8EA3164A44CE}.Release|Any CPU.ActiveCfg = Release|Any CPU
		{D52A990B-60F2-463C-A056-8EA3164A44CE}.Release|Any CPU.Build.0 = Release|Any CPU
	EndGlobalSection
	GlobalSection(SolutionProperties) = preSolution
		HideSolutionNode = FALSE
	EndGlobalSection
	GlobalSection(ExtensibilityGlobals) = postSolution
		SolutionGuid = {9331B4DB-41C2-48A7-84C3-71B9D5AC98D8}
	EndGlobalSection
EndGlobal
