
Microsoft Visual Studio Solution File, Format Version 12.00
# Visual Studio 15
VisualStudioVersion = 15.0.28307.329
MinimumVisualStudioVersion = 10.0.40219.1
Project("{9A19103F-16F7-4668-BE54-9A1E7A4F7556}") = "1 - 04. Triangle of 55 Stars", "1 - 04. Triangle of 55 Stars\1 - 04. Triangle of 55 Stars.csproj", "{4CD33617-3B8F-421F-8B3D-B36E26ADBF88}"
EndProject
Project("{9A19103F-16F7-4668-BE54-9A1E7A4F7556}") = "1 - 06. Square of Stars", "1 - 06. Square of Stars\1 - 06. Square of Stars.csproj", "{15EBAAC5-2507-4D43-B395-D97EDB471575}"
EndProject
Project("{9A19103F-16F7-4668-BE54-9A1E7A4F7556}") = "2 - 13. 1000 Days After Birth", "2 - 13. 1000 Days After Birth\2 - 13. 1000 Days After Birth.csproj", "{6C65F21E-94F9-419F-B878-819FC3BF09B5}"
EndProject
Project("{9A19103F-16F7-4668-BE54-9A1E7A4F7556}") = "2.2 - 01. Training Lab", "2.2 - 01. Training Lab\2.2 - 01. Training Lab.csproj", "{82DF4086-D505-4271-82F0-5A8708F883DD}"
EndProject
Project("{9A19103F-16F7-4668-BE54-9A1E7A4F7556}") = "2.2 - 03. Change Tiles", "2.2 - 03. Change Tiles\2.2 - 03. Change Tiles.csproj", "{AE98350A-AD1F-4A9C-8CF5-2D8EF909871D}"
EndProject
Project("{9A19103F-16F7-4668-BE54-9A1E7A4F7556}") = "2.2 - 04. Money", "2.2 - 04. Money\2.2 - 04. Money.csproj", "{386D41DA-BDB2-4F4C-BA8C-BCD5F5441ED3}"
EndProject
Project("{9A19103F-16F7-4668-BE54-9A1E7A4F7556}") = "2.2 - 05. Daily Earnings", "2.2 - 05. Daily Earnings\2.2 - 05. Daily Earnings.csproj", "{7917FD6C-E34A-4D34-878E-FEAAA714341B}"
EndProject
Project("{9A19103F-16F7-4668-BE54-9A1E7A4F7556}") = "3.1 - 03. Even or Odd", "3.1 - 03. Even or Odd\3.1 - 03. Even or Odd.csproj", "{F31DAC83-67B2-4477-A0CD-13496DAE3838}"
EndProject
Project("{9A19103F-16F7-4668-BE54-9A1E7A4F7556}") = "3.1 - 04. Greater Number", "3.1 - 04. Greater Number\3.1 - 04. Greater Number.csproj", "{78F8279C-1CBA-4B81-8542-A54EF060381B}"
EndProject
Project("{9A19103F-16F7-4668-BE54-9A1E7A4F7556}") = "3.1 - 06. Bonus Score", "3.1 - 06. Bonus Score\3.1 - 06. Bonus Score.csproj", "{3136038A-9314-4D31-8564-D5B78E689675}"
EndProject
Project("{9A19103F-16F7-4668-BE54-9A1E7A4F7556}") = "3.1 - 07. Sum Seconds", "3.1 - 07. Sum Seconds\3.1 - 07. Sum Seconds.csproj", "{A8245470-5D5E-4810-8D80-84E114856837}"
EndProject
Project("{9A19103F-16F7-4668-BE54-9A1E7A4F7556}") = "3.1 - 08. Metric Converter", "3.1 - 08. Metric Converter\3.1 - 08. Metric Converter.csproj", "{1210E59A-041E-4D6B-8BBA-89B1F7F2ACB9}"
EndProject
Project("{9A19103F-16F7-4668-BE54-9A1E7A4F7556}") = "3.1 - 10. Number 100to200", "3.1 - 10. Number 100to200\3.1 - 10. Number 100to200.csproj", "{037A1E76-5E92-4631-A5B7-9FFD502F39F2}"
EndProject
Project("{9A19103F-16F7-4668-BE54-9A1E7A4F7556}") = "3.1 - 11. Equal Words", "3.1 - 11. Equal Words\3.1 - 11. Equal Words.csproj", "{B6BCF592-E809-4B38-A10F-AB1799D69AA3}"
EndProject
Project("{9A19103F-16F7-4668-BE54-9A1E7A4F7556}") = "3.1 - 12. Speed Info", "3.1 - 12. Speed Info\3.1 - 12. Speed Info.csproj", "{D0F4856B-E867-4CC8-844A-94617F12F4DD}"
EndProject
Project("{9A19103F-16F7-4668-BE54-9A1E7A4F7556}") = "3.1 - 13. Area of Figures", "3.1 - 13. Area of Figures\3.1 - 13. Area of Figures.csproj", "{2451AC9B-A4E8-4CB5-8010-84EBB5BA4854}"
EndProject
Project("{9A19103F-16F7-4668-BE54-9A1E7A4F7556}") = "3.1 - 14. Time + 15 Minutes", "3.1 - 14. Time + 15 Minutes\3.1 - 14. Time + 15 Minutes.csproj", "{D97906BA-4DF7-40AC-8B28-BDD721D5227A}"
EndProject
Project("{9A19103F-16F7-4668-BE54-9A1E7A4F7556}") = "3.1 - 15. 3 Equal Numbers", "3.1 - 15. 3 Equal Numbers\3.1 - 15. 3 Equal Numbers.csproj", "{8DAF6744-4890-4EED-A828-ACDF97490949}"
EndProject
Project("{9A19103F-16F7-4668-BE54-9A1E7A4F7556}") = "3.1 - 16. Number 0to100 to Text", "3.1 - 16. Number 0to100 to Text\3.1 - 16. Number 0to100 to Text.csproj", "{6091EE88-0E08-47F8-A6D5-E1EB18B169A5}"
EndProject
Project("{9A19103F-16F7-4668-BE54-9A1E7A4F7556}") = "3.2 - 01. Transport Price", "3.2 - 01. Transport Price\3.2 - 01. Transport Price.csproj", "{532792BA-4648-4212-95A3-638126325A97}"
EndProject
Project("{9A19103F-16F7-4668-BE54-9A1E7A4F7556}") = "3.2 - 02. Pipes In Pool", "3.2 - 02. Pipes In Pool\3.2 - 02. Pipes In Pool.csproj", "{9AEF3FF7-14FC-42E3-931D-A48A3BF86D3E}"
EndProject
Project("{9A19103F-16F7-4668-BE54-9A1E7A4F7556}") = "3.2 - 03. Sleepy Tom Cat", "3.2 - 03. Sleepy Tom Cat\3.2 - 03. Sleepy Tom Cat.csproj", "{7D217A45-99AA-45BE-9D1D-060BB976B463}"
EndProject
Project("{9A19103F-16F7-4668-BE54-9A1E7A4F7556}") = "3.2 - 04. Harvest", "3.2 - 04. Harvest\3.2 - 04. Harvest.csproj", "{18C21839-9EBB-4356-A141-FA2CBCB9FC76}"
EndProject
Project("{9A19103F-16F7-4668-BE54-9A1E7A4F7556}") = "3.2 - 05. Firm", "3.2 - 05. Firm\3.2 - 05. Firm.csproj", "{F88A6619-A3CD-4BD1-ADFB-FA1FEBE37FC2}"
EndProject
Project("{9A19103F-16F7-4668-BE54-9A1E7A4F7556}") = "4.1 - 01. Personal Titles", "4.1 - 01. Personal Titles\4.1 - 01. Personal Titles.csproj", "{FF8A9994-B36D-4F7A-9A10-7641FD5D4C70}"
EndProject
Project("{9A19103F-16F7-4668-BE54-9A1E7A4F7556}") = "4.1 - 02. Small Shop", "4.2 - 02. Small Shop\4.1 - 02. Small Shop.csproj", "{A8B5A640-E859-4346-8834-2EEEBB87BBA5}"
EndProject
Project("{9A19103F-16F7-4668-BE54-9A1E7A4F7556}") = "4.1 - 03. Point in Rectangle", "4.1 - 03. Point in Rectangle\4.1 - 03. Point in Rectangle.csproj", "{95052519-CF2C-45F5-88C3-E77EE1C1B962}"
EndProject
Project("{9A19103F-16F7-4668-BE54-9A1E7A4F7556}") = "4.1 - 04. Fruit or Vegetable", "4.2 - 04. Fruit or Vegetable\4.1 - 04. Fruit or Vegetable.csproj", "{AA5C371B-686E-483A-AFFC-0484A77508FB}"
EndProject
Project("{9A19103F-16F7-4668-BE54-9A1E7A4F7556}") = "4.1 - 05. Invalid Number", "4.1 - 05. Invalid Number\4.1 - 05. Invalid Number.csproj", "{11F77D94-4626-491D-93EF-6A9915F43AB3}"
EndProject
Project("{9A19103F-16F7-4668-BE54-9A1E7A4F7556}") = "4.1 - 06. Point on Rectangle Border", "4.1 - 06. Point on Rectangle Border\4.1 - 06. Point on Rectangle Border.csproj", "{C072EE1F-CDC9-4AB9-ACD1-2DA8EE97D555}"
EndProject
Project("{9A19103F-16F7-4668-BE54-9A1E7A4F7556}") = "4.1 - 07. Fruit Shop", "4.1 - 07. Fruit Shop\4.1 - 07. Fruit Shop.csproj", "{6F179C39-1FE4-401E-B30C-D6D73B6A51C3}"
EndProject
Project("{9A19103F-16F7-4668-BE54-9A1E7A4F7556}") = "4.1 - 08. Trade Comissions", "4.1 - 08. Trade Comissions\4.1 - 08. Trade Comissions.csproj", "{F14EFF26-1CEA-473A-81CF-CFF01789FFF2}"
EndProject
Project("{9A19103F-16F7-4668-BE54-9A1E7A4F7556}") = "4.1 - 09. Day of Week", "4.1 - 09. Day of Week\4.1 - 09. Day of Week.csproj", "{9543AD92-E1B1-4F79-8DEA-540CD076D94C}"
EndProject
Project("{9A19103F-16F7-4668-BE54-9A1E7A4F7556}") = "4.1 - 10. Animal Type", "4.1 - 10. Animal Type\4.1 - 10. Animal Type.csproj", "{610ABADC-71C7-4606-B441-706254716148}"
EndProject
Project("{9A19103F-16F7-4668-BE54-9A1E7A4F7556}") = "4.1 - 11. Cinema", "4.1 - 11. Cinema\4.1 - 11. Cinema.csproj", "{8F8FFCF4-7AA8-43C7-9FDE-8C4562B04C84}"
EndProject
Project("{9A19103F-16F7-4668-BE54-9A1E7A4F7556}") = "4.1 - 12. Volleyball", "4.1 - 12. Volleyball\4.1 - 12. Volleyball.csproj", "{8EC91DBA-B6B4-4F01-9B30-31CFACECED17}"
EndProject
Project("{9A19103F-16F7-4668-BE54-9A1E7A4F7556}") = "4.1 - 13. Point in the Figure", "4.1 - 13. Point in the Figure\4.1 - 13. Point in the Figure.csproj", "{97A7C2B4-AB5B-4A67-8888-F4C47039AEE0}"
EndProject
Project("{9A19103F-16F7-4668-BE54-9A1E7A4F7556}") = "4.2 - 01. On Time for the Exam", "4.2 - 01. On Time for the Exam\4.2 - 01. On Time for the Exam.csproj", "{92D23BE6-33AA-498F-A45F-0DE9F79D43D9}"
EndProject
Project("{9A19103F-16F7-4668-BE54-9A1E7A4F7556}") = "4.2 - 02. Trip", "4.2 - 02. Trip\4.2 - 02. Trip.csproj", "{84E80E1F-7376-43E0-85D4-80752B883AC2}"
EndProject
Project("{9A19103F-16F7-4668-BE54-9A1E7A4F7556}") = "4.2 - 03. Operations", "4.2 - 03. Operations\4.2 - 03. Operations.csproj", "{98B361B3-35F4-491A-9639-B1739405E9A3}"
EndProject
Project("{9A19103F-16F7-4668-BE54-9A1E7A4F7556}") = "4.2 - 04. Match Tickets", "4.2 - 04. Match Tickets\4.2 - 04. Match Tickets.csproj", "{613C602A-4809-4347-9C35-83CC3A86D45C}"
EndProject
Project("{9A19103F-16F7-4668-BE54-9A1E7A4F7556}") = "4.2 - 05. Hotel Room", "4.2 - 05. Hotel Room\4.2 - 05. Hotel Room.csproj", "{54F432DD-155A-4600-8AE7-9A6189895111}"
EndProject
Project("{9A19103F-16F7-4668-BE54-9A1E7A4F7556}") = "5.1 - 01. Numbers from 1 to 100", "5.1 - 01. Numbers from 1 to 100\5.1 - 01. Numbers from 1 to 100.csproj", "{5D2A9EE3-3062-4F3D-83AB-3EC69681321C}"
EndProject
Project("{9A19103F-16F7-4668-BE54-9A1E7A4F7556}") = "5.1 - 02. Numbers Ending in 7", "5.1 - 02. Numbers Ending in 7\5.1 - 02. Numbers Ending in 7.csproj", "{6133D845-8A42-4C75-81CD-EE22A164E33C}"
EndProject
Project("{9A19103F-16F7-4668-BE54-9A1E7A4F7556}") = "5.1 - 03. Latin Letters", "5.1 - 03. Latin Letters\5.1 - 03. Latin Letters.csproj", "{E51774E8-CA94-425A-950E-A5E38C62C9B9}"
EndProject
Project("{9A19103F-16F7-4668-BE54-9A1E7A4F7556}") = "5.1 - 04. Sum Numbers", "5.1 - 04. Sum Numbers\5.1 - 04. Sum Numbers.csproj", "{801DD05F-71E8-46A7-BCC0-13C28545EFF8}"
EndProject
Project("{9A19103F-16F7-4668-BE54-9A1E7A4F7556}") = "5.1 - 05. Max Number", "5.1 - 05. Max Number\5.1 - 05. Max Number.csproj", "{EB2F9ABC-9D20-4AD8-905B-8267029FC232}"
EndProject
Project("{9A19103F-16F7-4668-BE54-9A1E7A4F7556}") = "5.1 - 06. Min Number", "5.1 - 06. Min Number\5.1 - 06. Min Number.csproj", "{6F9024D4-3AC1-401E-B594-CC4ACFC87E9C}"
EndProject
Project("{9A19103F-16F7-4668-BE54-9A1E7A4F7556}") = "5.1 - 08. Odd Even Sum", "5.1 - 08. Odd Even Sum\5.1 - 08. Odd Even Sum.csproj", "{B3CCC571-871F-4B59-861B-FA58FFFA199E}"
EndProject
Project("{9A19103F-16F7-4668-BE54-9A1E7A4F7556}") = "5.1 - 09. Vowels Sum", "5.1 - 09. Vowels Sum\5.1 - 09. Vowels Sum.csproj", "{CDB958BD-CB41-4B7B-B637-234891F67C9F}"
EndProject
Project("{9A19103F-16F7-4668-BE54-9A1E7A4F7556}") = "5.1 - 10. Half Sum Element", "5.1 - 10. Half Sum Element\5.1 - 10. Half Sum Element.csproj", "{62E4A6FB-C9CE-4266-9A71-8C9561B81A6F}"
EndProject
Project("{9A19103F-16F7-4668-BE54-9A1E7A4F7556}") = "5.1 - 11. Odd or Even Position", "5.1 - 11. Odd or Even Position\5.1 - 11. Odd or Even Position.csproj", "{71E22D71-CAAC-4933-B866-6A4D7F87C091}"
EndProject
Project("{9A19103F-16F7-4668-BE54-9A1E7A4F7556}") = "5.1 - 12. Equal Pairs", "5.1 - 12. Equal Pairs\5.1 - 12. Equal Pairs.csproj", "{601CEA08-F3C9-4A40-BDAB-B7457C5A3D5C}"
EndProject
Project("{9A19103F-16F7-4668-BE54-9A1E7A4F7556}") = "5.2 - 01. Histogram", "5.2 - 01. Histogram\5.2 - 01. Histogram.csproj", "{E50D6663-DD9F-4EAD-B823-D9B8D11D8420}"
EndProject
Project("{9A19103F-16F7-4668-BE54-9A1E7A4F7556}") = "5.2 - 02. Smart Lilly", "02. Smart Lilly\5.2 - 02. Smart Lilly.csproj", "{0ACA5F25-B133-4F8F-B7D2-285C625675F9}"
EndProject
Project("{9A19103F-16F7-4668-BE54-9A1E7A4F7556}") = "5.2 - 03. Back To The Past", "5.2 - 03. Back To The Past\5.2 - 03. Back To The Past.csproj", "{B8B3ECA3-5EDD-40E7-992E-7E6EAC3A0824}"
EndProject
Project("{9A19103F-16F7-4668-BE54-9A1E7A4F7556}") = "5.2 - 04. Hospital", "5.2 - 04. Hospital\5.2 - 04. Hospital.csproj", "{218C46B0-BFD3-4EA0-9F05-50DC55F28430}"
EndProject
Project("{9A19103F-16F7-4668-BE54-9A1E7A4F7556}") = "5.2 - 05. Division", "5.2 - 05. Division\5.2 - 05. Division.csproj", "{98BB7FB2-FBA4-4423-94CB-A9569BFA2456}"
EndProject
Project("{9A19103F-16F7-4668-BE54-9A1E7A4F7556}") = "5.2 - 06. Logistics", "5.2 - 06. Logistics\5.2 - 06. Logistics.csproj", "{8ABCD1E4-FE34-41FE-A56F-4565E8C90B6C}"
EndProject
Project("{9A19103F-16F7-4668-BE54-9A1E7A4F7556}") = "6.1 - 01. Rectangle of 10 x 10 Stars", "6.1 - 01. Rectangle of 10 x 10 Stars\6.1 - 01. Rectangle of 10 x 10 Stars.csproj", "{47F7D98E-EAAF-4ED8-AF59-C234821D5F20}"
EndProject
Project("{9A19103F-16F7-4668-BE54-9A1E7A4F7556}") = "6.1 - 02. Rectangle of n x n Stars", "6.2 - 01. Rectangle of 10 x 10 Stars\6.1 - 02. Rectangle of n x n Stars.csproj", "{E463A1CD-5056-4C17-AB52-EC4F8391C4F7}"
EndProject
Project("{9A19103F-16F7-4668-BE54-9A1E7A4F7556}") = "6.1 - 03. Square of Stars", "6.1 - 03. Square of Stars\6.1 - 03. Square of Stars.csproj", "{C9A0A3BD-6CFA-426B-84B1-312A2ACBAE79}"
EndProject
Project("{9A19103F-16F7-4668-BE54-9A1E7A4F7556}") = "6.1 - 04. Triangle of Dollars", "6.1 - 04. Triangle of Dollars\6.1 - 04. Triangle of Dollars.csproj", "{700146DB-F59F-4001-B22F-F989DE73064E}"
EndProject
Project("{9A19103F-16F7-4668-BE54-9A1E7A4F7556}") = "6.1 - 05. Square Frame", "6.1 - 05. Square Frame\6.1 - 05. Square Frame.csproj", "{E1554BB8-396D-4330-AE01-C233D2C537F3}"
EndProject
Project("{9A19103F-16F7-4668-BE54-9A1E7A4F7556}") = "6.1 - 06. Rhombus of Stars", "6.1 - 06. Rhombus of Stars\6.1 - 06. Rhombus of Stars.csproj", "{916C565B-9F0F-4D1A-BA5F-5BC7D159029A}"
EndProject
Project("{9A19103F-16F7-4668-BE54-9A1E7A4F7556}") = "6.1 - 07. Christmas Tree", "6.1 - 07. Christmas Tree\6.1 - 07. Christmas Tree.csproj", "{532979CA-ACBC-44F8-8870-D2D39DAD9EC3}"
EndProject
Project("{9A19103F-16F7-4668-BE54-9A1E7A4F7556}") = "6.1 - 08. Sunglasses", "6.1 - 08. Sunglasses\6.1 - 08. Sunglasses.csproj", "{F92D862D-1ADF-480A-84B6-15C95CD4AE24}"
EndProject
Project("{9A19103F-16F7-4668-BE54-9A1E7A4F7556}") = "6.1 - 09. House", "6.1 - 09. House\6.1 - 09. House.csproj", "{F9DB5240-8ACF-4628-A218-6C4DC5869DD2}"
EndProject
Project("{9A19103F-16F7-4668-BE54-9A1E7A4F7556}") = "6.1 - 10. Diamond", "6.1 - 10. Diamond\6.1 - 10. Diamond.csproj", "{9B821272-C560-4ABD-A41D-5C63B84134CD}"
EndProject
Project("{9A19103F-16F7-4668-BE54-9A1E7A4F7556}") = "6.2 - 01. Draw Fort", "6.2 - 01. Draw Fort\6.2 - 01. Draw Fort.csproj", "{DCF22EAD-1F73-431C-B5A4-6ACE9660FFAA}"
EndProject
Project("{9A19103F-16F7-4668-BE54-9A1E7A4F7556}") = "7.1 - 01. Numbers 1toN with Step 3", "7.1 - 01. Numbers 1toN with Step 3\7.1 - 01. Numbers 1toN with Step 3.csproj", "{2E7C9C0F-738F-4048-933A-4508A4CD91AF}"
EndProject
Project("{9A19103F-16F7-4668-BE54-9A1E7A4F7556}") = "7.1 - 02. Numbers Nto1", "7.1 - 02. Numbers Nto1\7.1 - 02. Numbers Nto1.csproj", "{A5558E1A-52E0-41E7-A7B3-223A110FBA24}"
EndProject
Project("{9A19103F-16F7-4668-BE54-9A1E7A4F7556}") = "7.1 - 03. Powers of Two", "7.1 - 03. Powers of Two\7.1 - 03. Powers of Two.csproj", "{0FC93FCC-A222-4BEE-8D74-EA871813C52A}"
EndProject
Project("{9A19103F-16F7-4668-BE54-9A1E7A4F7556}") = "7.1 - 04. Even Powers of 2", "7.1 - 04. Even Powers of 2\7.1 - 04. Even Powers of 2.csproj", "{351BFDD3-C8E4-4C30-BD36-06E237444B68}"
EndProject
Project("{9A19103F-16F7-4668-BE54-9A1E7A4F7556}") = "7.1 - 05. Sequence 2k+1", "7.1 - 05. Sequence 2k+1\7.1 - 05. Sequence 2k+1.csproj", "{DA726A3D-4FCA-4A52-B3AC-810842CC317E}"
EndProject
Project("{9A19103F-16F7-4668-BE54-9A1E7A4F7556}") = "7.1 - 06. Number in Range [1to100]", "7.1 - 06. Number in Range [1to100]\7.1 - 06. Number in Range [1to100].csproj", "{965F29C7-2D89-496F-A4BB-2B6C45399568}"
EndProject
Project("{9A19103F-16F7-4668-BE54-9A1E7A4F7556}") = "7.1 - 07. Greatest Common Divisor (CGD)", "7.1 - 07. Greatest Common Divisor (CGD)\7.1 - 07. Greatest Common Divisor (CGD).csproj", "{E152E90C-27C1-4510-9510-5CE8A976F769}"
EndProject
Project("{9A19103F-16F7-4668-BE54-9A1E7A4F7556}") = "7.1 - 08. Factorial", "7.1 - 08. Factorial\7.1 - 08. Factorial.csproj", "{00D416D5-79FB-4F6B-A726-30A8557A9A26}"
EndProject
Project("{9A19103F-16F7-4668-BE54-9A1E7A4F7556}") = "7.1 - 09. Sum Digits", "7.1 - 09. Sum Digits\7.1 - 09. Sum Digits.csproj", "{32686C3B-173D-4031-A05F-1BD769B56C9E}"
EndProject
Project("{9A19103F-16F7-4668-BE54-9A1E7A4F7556}") = "7.1 - 10. Check Prime", "7.1 - 10. Check Prime\7.1 - 10. Check Prime.csproj", "{28017154-5B7C-41F5-8188-F95D5624EBAA}"
EndProject
Project("{9A19103F-16F7-4668-BE54-9A1E7A4F7556}") = "7.1 - 11. Enter Even Number", "7.1 - 11. Enter Even Number\7.1 - 11. Enter Even Number.csproj", "{17C11B4A-C3C9-4592-A80D-3192559B7D2B}"
EndProject
Project("{9A19103F-16F7-4668-BE54-9A1E7A4F7556}") = "7.1 - 12. Break Sum", "7.1 - 12. Break Sum\7.1 - 12. Break Sum.csproj", "{DB35EF0D-BAC2-43F0-8EF6-54A39DF4EA23}"
EndProject
Project("{9A19103F-16F7-4668-BE54-9A1E7A4F7556}") = "7.1 - 13. Enter Even Number (with Text Input)", "7.1 - 13. Enter Even Number (with Text Input)\7.1 - 13. Enter Even Number (with Text Input).csproj", "{50A1C1E5-5875-416F-A69C-90C3E8E23B4A}"
EndProject
Project("{9A19103F-16F7-4668-BE54-9A1E7A4F7556}") = "7.1 - 14. Fibonacci", "7.1 - 14. Fibonacci\7.1 - 14. Fibonacci.csproj", "{79376923-0F5B-4475-8785-6AD3615AF7EB}"
EndProject
Project("{9A19103F-16F7-4668-BE54-9A1E7A4F7556}") = "7.1 - 15. Number Pyramid", "7.1 - 15. Number Pyramid\7.1 - 15. Number Pyramid.csproj", "{6D92A034-B37A-4C15-B261-F4517FC377CA}"
EndProject
Project("{9A19103F-16F7-4668-BE54-9A1E7A4F7556}") = "7.1 - 16. Number Table", "7.1 - 16. Number Table\7.1 - 16. Number Table.csproj", "{A0A6AB71-EB09-42DF-A19F-6AAC332236AE}"
EndProject
Project("{9A19103F-16F7-4668-BE54-9A1E7A4F7556}") = "7.2 - 01. Stupid Password Generator", "7.2 - 01. Stupid Password Generator\7.2 - 01. Stupid Password Generator.csproj", "{BB3BD99C-65AE-44F0-93A6-733CDFA7764D}"
EndProject
Project("{9A19103F-16F7-4668-BE54-9A1E7A4F7556}") = "7.2 - 02. Magic Combination", "7.2 - 02. Magic Combination\7.2 - 02. Magic Combination.csproj", "{E8430EB4-1CC2-4913-BEAA-1A2BDA07CBDE}"
EndProject
Project("{9A19103F-16F7-4668-BE54-9A1E7A4F7556}") = "7.2 - 03. Stop Number", "7.2 - 03. Stop Number\7.2 - 03. Stop Number.csproj", "{DEC6C50F-D01A-41EE-A52E-C30D54B3CC52}"
EndProject
Project("{9A19103F-16F7-4668-BE54-9A1E7A4F7556}") = "7.2 - 04. Special Numbers", "7.2 - 04. Special Numbers\7.2 - 04. Special Numbers.csproj", "{428B13E9-E592-422C-95C2-9A60E550E7C5}"
EndProject
Project("{9A19103F-16F7-4668-BE54-9A1E7A4F7556}") = "7.2 - 05. Digits", "7.2 - 05. Digits\7.2 - 05. Digits.csproj", "{D986F19C-1F23-4C4F-B716-F1323CE00D9F}"
EndProject
Project("{9A19103F-16F7-4668-BE54-9A1E7A4F7556}") = "6.2 - 02. Butterfly", "6.2 - 02. Butterfly\6.2 - 02. Butterfly.csproj", "{FF12C8E8-6277-48DA-8936-F3688FEA8AD3}"
EndProject
Project("{9A19103F-16F7-4668-BE54-9A1E7A4F7556}") = "6.2 - 03. Stop", "6.2 - 03. Stop\6.2 - 03. Stop.csproj", "{09B5A4EA-78C5-4234-944B-0020136E20AD}"
EndProject
Project("{9A19103F-16F7-4668-BE54-9A1E7A4F7556}") = "6.2 - 04. Arrow", "6.2 - 04. Arrow\6.2 - 04. Arrow.csproj", "{DA218F99-5466-43F4-929D-226E39E09BC6}"
EndProject
Project("{9A19103F-16F7-4668-BE54-9A1E7A4F7556}") = "6.2 - 05. Axe", "6.2 - 05. Axe\6.2 - 05. Axe.csproj", "{00D1A4E9-440A-477D-B2E7-C996E503A7BB}"
EndProject
Project("{9A19103F-16F7-4668-BE54-9A1E7A4F7556}") = "8.1 - 01. Triangle Area", "8.1 - 01. Triangle Area\8.1 - 01. Triangle Area.csproj", "{60FA0907-DB6D-48A2-800A-9CA27AA733C8}"
EndProject
Project("{9A19103F-16F7-4668-BE54-9A1E7A4F7556}") = "8.1 - 02. Bricks", "8.1 - 02. Bricks\8.1 - 02. Bricks.csproj", "{0A6F02FB-0A94-4A2F-9D50-872A1D82CB4A}"
EndProject
Project("{9A19103F-16F7-4668-BE54-9A1E7A4F7556}") = "8.1 - 03. Point on Segment", "8.1 - 03. Point on Segment\8.1 - 03. Point on Segment.csproj", "{666FDBEB-82DB-4627-B09B-23301AC6E158}"
EndProject
Project("{9A19103F-16F7-4668-BE54-9A1E7A4F7556}") = "8.1 - 04. Point in Figure", "8.4 - 04. Point in Figure\8.1 - 04. Point in Figure.csproj", "{41637E0A-E19E-4D53-B293-E75EEB81FE94}"
EndProject
Project("{9A19103F-16F7-4668-BE54-9A1E7A4F7556}") = "8.1 - 05. Date after 5 Days", "8.1 - 05. Date after 5 Days\8.1 - 05. Date after 5 Days.csproj", "{C5FEFC28-C411-48D8-9D8E-7CDF19C0A71E}"
EndProject
Project("{9A19103F-16F7-4668-BE54-9A1E7A4F7556}") = "8.1 - 06. Sums 3 Numbers", "8.1 - 06. Sums 3 Numbers\8.1 - 06. Sums 3 Numbers.csproj", "{CDD3E0E0-3372-4B92-80E9-01AA7743413C}"
EndProject
Project("{9A19103F-16F7-4668-BE54-9A1E7A4F7556}") = "8.1 - 07. Sums Step 3", "8.1 - 07. Sums Step 3\8.1 - 07. Sums Step 3.csproj", "{AA3AE843-E287-405F-AD1C-456298C4E7EC}"
EndProject
Project("{9A19103F-16F7-4668-BE54-9A1E7A4F7556}") = "8.1 - 08. Increasing Elements", "8.1 - 08. Increasing Elements\8.1 - 08. Increasing Elements.csproj", "{0C4837DB-E542-436F-B5A6-4D2D12685F15}"
EndProject
Project("{9A19103F-16F7-4668-BE54-9A1E7A4F7556}") = "8.1 - 09. Perfect Diamond", "8.1 - 09. Perfect Diamond\8.1 - 09. Perfect Diamond.csproj", "{E84A2FD8-872B-4FDB-A329-0C883DFCC69F}"
EndProject
Project("{9A19103F-16F7-4668-BE54-9A1E7A4F7556}") = "8.1 - 10. Rectangle with Stars", "8.1 - 10. Rectangle with Stars\8.1 - 10. Rectangle with Stars.csproj", "{F46AF110-5FB0-48F9-B817-1F238B0791D6}"
EndProject
Project("{9A19103F-16F7-4668-BE54-9A1E7A4F7556}") = "8.1 - 11. Increasing 4 Numbers", "8.1 - 11. Increasing 4 Numbers\8.1 - 11. Increasing 4 Numbers.csproj", "{11A2B5CA-590C-433D-9550-0216F311FA11}"
EndProject
Project("{9A19103F-16F7-4668-BE54-9A1E7A4F7556}") = "8.1 - 12. Generate Rectangles", "8.1 - 12. Generate Rectangles\8.1 - 12. Generate Rectangles.csproj", "{9B8791D7-4CF5-4C09-99D7-F6A242B96BDA}"
EndProject
Project("{9A19103F-16F7-4668-BE54-9A1E7A4F7556}") = "8.2 - 01. Distance", "8.2 - 01. Distance\8.2 - 01. Distance.csproj", "{E16B72F4-1B40-4270-B78F-A6415905E01A}"
EndProject
Project("{9A19103F-16F7-4668-BE54-9A1E7A4F7556}") = "8.2 - 02. Change Tiles", "8.2 - 02. Change Tiles\8.2 - 02. Change Tiles.csproj", "{960CF937-3BC3-425B-89AA-8DF1AD9EFD8B}"
EndProject
Project("{9A19103F-16F7-4668-BE54-9A1E7A4F7556}") = "8.2 - 03. Flowers", "8.1 - 03. Flowers\8.2 - 03. Flowers.csproj", "{C64738A5-1832-4474-B1C6-195326F83AFD}"
EndProject
Project("{9A19103F-16F7-4668-BE54-9A1E7A4F7556}") = "8.2 - 04. Grades", "8.2 - 04. Grades\8.2 - 04. Grades.csproj", "{51019853-B26B-4B76-B60F-8AD8898C7B9F}"
EndProject
Project("{9A19103F-16F7-4668-BE54-9A1E7A4F7556}") = "8.2 - 05. Christmas Hat", "8.2 - 05. Christmas Hat\8.2 - 05. Christmas Hat.csproj", "{5570B9D2-3856-49C3-A97B-8EC17C3AEBB6}"
EndProject
Project("{9A19103F-16F7-4668-BE54-9A1E7A4F7556}") = "8.2 - 06. Letters Combinations", "8.2 - 06. Letters Combinations\8.2 - 06. Letters Combinations.csproj", "{C708C53D-4242-4CC7-8D96-CADDD6612735}"
EndProject
Project("{9A19103F-16F7-4668-BE54-9A1E7A4F7556}") = "9.1 - 01. Crossing sequences", "9.1 - 01. Crossing sequences\9.1 - 01. Crossing sequences.csproj", "{4F663448-0B0E-42DF-8DF0-88D769FF3D0C}"
EndProject
Project("{9A19103F-16F7-4668-BE54-9A1E7A4F7556}") = "9.1 - 02. Magic Dates", "9.2 - 02. Magic Dates\9.1 - 02. Magic Dates.csproj", "{6789AEB4-6747-4816-8F29-FEC3EA24BD05}"
EndProject
Project("{9A19103F-16F7-4668-BE54-9A1E7A4F7556}") = "9.1 - 03. Five Special Letters", "9.2 - 03. Five Special Letters\9.1 - 03. Five Special Letters.csproj", "{9594E313-E059-4A0A-B251-4DAAD25A1A77}"
EndProject
Project("{9A19103F-16F7-4668-BE54-9A1E7A4F7556}") = "9.2 - 01. Passion Days", "9.2 - 01. Passion Days\9.2 - 01. Passion Days.csproj", "{8F115B82-FA97-4492-A70F-0777490315E6}"
EndProject
Project("{FAE04EC0-301F-11D3-BF4B-00C04F79EFBC}") = "9.2 - 02. X Expression", "9.2 - 02. X Expression\9.2 - 02. X Expression.csproj", "{14C2DB6F-6E28-4ED3-9A38-D11B31082AAC}"
EndProject
Project("{FAE04EC0-301F-11D3-BF4B-00C04F79EFBC}") = "9.2 - 03. Bulls and Cows", "9.2 - 03. Bulls and Cows\9.2 - 03. Bulls and Cows.csproj", "{B80BEA9B-DF01-4D95-B78E-5209023D1CBB}"
EndProject
Project("{FAE04EC0-301F-11D3-BF4B-00C04F79EFBC}") = "10 - 01. Blank Receipt", "10 - 01. Blank Receipt\10 - 01. Blank Receipt.csproj", "{1C6FCD68-BF1F-4547-A1ED-BB427FCA332D}"
EndProject
Project("{FAE04EC0-301F-11D3-BF4B-00C04F79EFBC}") = "10 - 02. Sign of Integer Number", "10 - 02. Sign of Integer Number\10 - 02. Sign of Integer Number.csproj", "{38D764BD-51EF-47C9-A13F-8484CC182A5F}"
EndProject
Project("{FAE04EC0-301F-11D3-BF4B-00C04F79EFBC}") = "10 - 03. Printing Triangle", "10 - 03. Printing Triangle\10 - 03. Printing Triangle.csproj", "{2EB79A14-1398-4FC8-AB3D-332DBD475973}"
EndProject
Project("{FAE04EC0-301F-11D3-BF4B-00C04F79EFBC}") = "10 - 04. Draw a Filled Square", "10 - 04. Draw a Filled Square\10 - 04. Draw a Filled Square.csproj", "{0B14F2C3-3E12-4375-805F-DDEBF6829153}"
EndProject
Project("{FAE04EC0-301F-11D3-BF4B-00C04F79EFBC}") = "10 - 05. Calculate Triangle Area", "10 - 05. Calculate Triangle Area\10 - 05. Calculate Triangle Area.csproj", "{76FF8326-5545-4D93-B555-149B78FEBD98}"
EndProject
Project("{FAE04EC0-301F-11D3-BF4B-00C04F79EFBC}") = "10 - 06. Math Power", "10 - 06. Math Power\10 - 06. Math Power.csproj", "{C8B05AFA-ADE4-4920-8719-114F48483160}"
EndProject
Project("{FAE04EC0-301F-11D3-BF4B-00C04F79EFBC}") = "10 - 07. Greater of Two Values", "10 - 07. Greater of Two Values\10 - 07. Greater of Two Values.csproj", "{73DF00B3-04A0-4AC6-A466-53687AA39E13}"
EndProject
Project("{FAE04EC0-301F-11D3-BF4B-00C04F79EFBC}") = "10 - 08. Hello, Name!", "10 - 08. Hello, Name!\10 - 08. Hello, Name!.csproj", "{89F9604F-B060-4971-A19C-518C870FCCEF}"
EndProject
Project("{FAE04EC0-301F-11D3-BF4B-00C04F79EFBC}") = "10 - 09. Min Method", "10 - 09. Min Method\10 - 09. Min Method.csproj", "{A9B5A0BA-B76E-4F76-A21A-005A3662D375}"
EndProject
Project("{FAE04EC0-301F-11D3-BF4B-00C04F79EFBC}") = "10 - 10. String Repeater", "10 - 10. String Repeater\10 - 10. String Repeater.csproj", "{E2D9F1FF-B989-4F44-AC5A-A7D0DF36FBB9}"
EndProject
Project("{FAE04EC0-301F-11D3-BF4B-00C04F79EFBC}") = "10 - 11. Nth Digit", "10 - 11. Nth Digit\10 - 11. Nth Digit.csproj", "{65E1BBC1-61C3-4E05-80C4-46F7339126A8}"
EndProject
Global
	GlobalSection(SolutionConfigurationPlatforms) = preSolution
		Debug|Any CPU = Debug|Any CPU
		Release|Any CPU = Release|Any CPU
	EndGlobalSection
	GlobalSection(ProjectConfigurationPlatforms) = postSolution
		{4CD33617-3B8F-421F-8B3D-B36E26ADBF88}.Debug|Any CPU.ActiveCfg = Debug|Any CPU
		{4CD33617-3B8F-421F-8B3D-B36E26ADBF88}.Debug|Any CPU.Build.0 = Debug|Any CPU
		{4CD33617-3B8F-421F-8B3D-B36E26ADBF88}.Release|Any CPU.ActiveCfg = Release|Any CPU
		{4CD33617-3B8F-421F-8B3D-B36E26ADBF88}.Release|Any CPU.Build.0 = Release|Any CPU
		{15EBAAC5-2507-4D43-B395-D97EDB471575}.Debug|Any CPU.ActiveCfg = Debug|Any CPU
		{15EBAAC5-2507-4D43-B395-D97EDB471575}.Debug|Any CPU.Build.0 = Debug|Any CPU
		{15EBAAC5-2507-4D43-B395-D97EDB471575}.Release|Any CPU.ActiveCfg = Release|Any CPU
		{15EBAAC5-2507-4D43-B395-D97EDB471575}.Release|Any CPU.Build.0 = Release|Any CPU
		{6C65F21E-94F9-419F-B878-819FC3BF09B5}.Debug|Any CPU.ActiveCfg = Debug|Any CPU
		{6C65F21E-94F9-419F-B878-819FC3BF09B5}.Debug|Any CPU.Build.0 = Debug|Any CPU
		{6C65F21E-94F9-419F-B878-819FC3BF09B5}.Release|Any CPU.ActiveCfg = Release|Any CPU
		{6C65F21E-94F9-419F-B878-819FC3BF09B5}.Release|Any CPU.Build.0 = Release|Any CPU
		{82DF4086-D505-4271-82F0-5A8708F883DD}.Debug|Any CPU.ActiveCfg = Debug|Any CPU
		{82DF4086-D505-4271-82F0-5A8708F883DD}.Debug|Any CPU.Build.0 = Debug|Any CPU
		{82DF4086-D505-4271-82F0-5A8708F883DD}.Release|Any CPU.ActiveCfg = Release|Any CPU
		{82DF4086-D505-4271-82F0-5A8708F883DD}.Release|Any CPU.Build.0 = Release|Any CPU
		{AE98350A-AD1F-4A9C-8CF5-2D8EF909871D}.Debug|Any CPU.ActiveCfg = Debug|Any CPU
		{AE98350A-AD1F-4A9C-8CF5-2D8EF909871D}.Debug|Any CPU.Build.0 = Debug|Any CPU
		{AE98350A-AD1F-4A9C-8CF5-2D8EF909871D}.Release|Any CPU.ActiveCfg = Release|Any CPU
		{AE98350A-AD1F-4A9C-8CF5-2D8EF909871D}.Release|Any CPU.Build.0 = Release|Any CPU
		{386D41DA-BDB2-4F4C-BA8C-BCD5F5441ED3}.Debug|Any CPU.ActiveCfg = Debug|Any CPU
		{386D41DA-BDB2-4F4C-BA8C-BCD5F5441ED3}.Debug|Any CPU.Build.0 = Debug|Any CPU
		{386D41DA-BDB2-4F4C-BA8C-BCD5F5441ED3}.Release|Any CPU.ActiveCfg = Release|Any CPU
		{386D41DA-BDB2-4F4C-BA8C-BCD5F5441ED3}.Release|Any CPU.Build.0 = Release|Any CPU
		{7917FD6C-E34A-4D34-878E-FEAAA714341B}.Debug|Any CPU.ActiveCfg = Debug|Any CPU
		{7917FD6C-E34A-4D34-878E-FEAAA714341B}.Debug|Any CPU.Build.0 = Debug|Any CPU
		{7917FD6C-E34A-4D34-878E-FEAAA714341B}.Release|Any CPU.ActiveCfg = Release|Any CPU
		{7917FD6C-E34A-4D34-878E-FEAAA714341B}.Release|Any CPU.Build.0 = Release|Any CPU
		{F31DAC83-67B2-4477-A0CD-13496DAE3838}.Debug|Any CPU.ActiveCfg = Debug|Any CPU
		{F31DAC83-67B2-4477-A0CD-13496DAE3838}.Debug|Any CPU.Build.0 = Debug|Any CPU
		{F31DAC83-67B2-4477-A0CD-13496DAE3838}.Release|Any CPU.ActiveCfg = Release|Any CPU
		{F31DAC83-67B2-4477-A0CD-13496DAE3838}.Release|Any CPU.Build.0 = Release|Any CPU
		{78F8279C-1CBA-4B81-8542-A54EF060381B}.Debug|Any CPU.ActiveCfg = Debug|Any CPU
		{78F8279C-1CBA-4B81-8542-A54EF060381B}.Debug|Any CPU.Build.0 = Debug|Any CPU
		{78F8279C-1CBA-4B81-8542-A54EF060381B}.Release|Any CPU.ActiveCfg = Release|Any CPU
		{78F8279C-1CBA-4B81-8542-A54EF060381B}.Release|Any CPU.Build.0 = Release|Any CPU
		{3136038A-9314-4D31-8564-D5B78E689675}.Debug|Any CPU.ActiveCfg = Debug|Any CPU
		{3136038A-9314-4D31-8564-D5B78E689675}.Debug|Any CPU.Build.0 = Debug|Any CPU
		{3136038A-9314-4D31-8564-D5B78E689675}.Release|Any CPU.ActiveCfg = Release|Any CPU
		{3136038A-9314-4D31-8564-D5B78E689675}.Release|Any CPU.Build.0 = Release|Any CPU
		{A8245470-5D5E-4810-8D80-84E114856837}.Debug|Any CPU.ActiveCfg = Debug|Any CPU
		{A8245470-5D5E-4810-8D80-84E114856837}.Debug|Any CPU.Build.0 = Debug|Any CPU
		{A8245470-5D5E-4810-8D80-84E114856837}.Release|Any CPU.ActiveCfg = Release|Any CPU
		{A8245470-5D5E-4810-8D80-84E114856837}.Release|Any CPU.Build.0 = Release|Any CPU
		{1210E59A-041E-4D6B-8BBA-89B1F7F2ACB9}.Debug|Any CPU.ActiveCfg = Debug|Any CPU
		{1210E59A-041E-4D6B-8BBA-89B1F7F2ACB9}.Debug|Any CPU.Build.0 = Debug|Any CPU
		{1210E59A-041E-4D6B-8BBA-89B1F7F2ACB9}.Release|Any CPU.ActiveCfg = Release|Any CPU
		{1210E59A-041E-4D6B-8BBA-89B1F7F2ACB9}.Release|Any CPU.Build.0 = Release|Any CPU
		{037A1E76-5E92-4631-A5B7-9FFD502F39F2}.Debug|Any CPU.ActiveCfg = Debug|Any CPU
		{037A1E76-5E92-4631-A5B7-9FFD502F39F2}.Debug|Any CPU.Build.0 = Debug|Any CPU
		{037A1E76-5E92-4631-A5B7-9FFD502F39F2}.Release|Any CPU.ActiveCfg = Release|Any CPU
		{037A1E76-5E92-4631-A5B7-9FFD502F39F2}.Release|Any CPU.Build.0 = Release|Any CPU
		{B6BCF592-E809-4B38-A10F-AB1799D69AA3}.Debug|Any CPU.ActiveCfg = Debug|Any CPU
		{B6BCF592-E809-4B38-A10F-AB1799D69AA3}.Debug|Any CPU.Build.0 = Debug|Any CPU
		{B6BCF592-E809-4B38-A10F-AB1799D69AA3}.Release|Any CPU.ActiveCfg = Release|Any CPU
		{B6BCF592-E809-4B38-A10F-AB1799D69AA3}.Release|Any CPU.Build.0 = Release|Any CPU
		{D0F4856B-E867-4CC8-844A-94617F12F4DD}.Debug|Any CPU.ActiveCfg = Debug|Any CPU
		{D0F4856B-E867-4CC8-844A-94617F12F4DD}.Debug|Any CPU.Build.0 = Debug|Any CPU
		{D0F4856B-E867-4CC8-844A-94617F12F4DD}.Release|Any CPU.ActiveCfg = Release|Any CPU
		{D0F4856B-E867-4CC8-844A-94617F12F4DD}.Release|Any CPU.Build.0 = Release|Any CPU
		{2451AC9B-A4E8-4CB5-8010-84EBB5BA4854}.Debug|Any CPU.ActiveCfg = Debug|Any CPU
		{2451AC9B-A4E8-4CB5-8010-84EBB5BA4854}.Debug|Any CPU.Build.0 = Debug|Any CPU
		{2451AC9B-A4E8-4CB5-8010-84EBB5BA4854}.Release|Any CPU.ActiveCfg = Release|Any CPU
		{2451AC9B-A4E8-4CB5-8010-84EBB5BA4854}.Release|Any CPU.Build.0 = Release|Any CPU
		{D97906BA-4DF7-40AC-8B28-BDD721D5227A}.Debug|Any CPU.ActiveCfg = Debug|Any CPU
		{D97906BA-4DF7-40AC-8B28-BDD721D5227A}.Debug|Any CPU.Build.0 = Debug|Any CPU
		{D97906BA-4DF7-40AC-8B28-BDD721D5227A}.Release|Any CPU.ActiveCfg = Release|Any CPU
		{D97906BA-4DF7-40AC-8B28-BDD721D5227A}.Release|Any CPU.Build.0 = Release|Any CPU
		{8DAF6744-4890-4EED-A828-ACDF97490949}.Debug|Any CPU.ActiveCfg = Debug|Any CPU
		{8DAF6744-4890-4EED-A828-ACDF97490949}.Debug|Any CPU.Build.0 = Debug|Any CPU
		{8DAF6744-4890-4EED-A828-ACDF97490949}.Release|Any CPU.ActiveCfg = Release|Any CPU
		{8DAF6744-4890-4EED-A828-ACDF97490949}.Release|Any CPU.Build.0 = Release|Any CPU
		{6091EE88-0E08-47F8-A6D5-E1EB18B169A5}.Debug|Any CPU.ActiveCfg = Debug|Any CPU
		{6091EE88-0E08-47F8-A6D5-E1EB18B169A5}.Debug|Any CPU.Build.0 = Debug|Any CPU
		{6091EE88-0E08-47F8-A6D5-E1EB18B169A5}.Release|Any CPU.ActiveCfg = Release|Any CPU
		{6091EE88-0E08-47F8-A6D5-E1EB18B169A5}.Release|Any CPU.Build.0 = Release|Any CPU
		{532792BA-4648-4212-95A3-638126325A97}.Debug|Any CPU.ActiveCfg = Debug|Any CPU
		{532792BA-4648-4212-95A3-638126325A97}.Debug|Any CPU.Build.0 = Debug|Any CPU
		{532792BA-4648-4212-95A3-638126325A97}.Release|Any CPU.ActiveCfg = Release|Any CPU
		{532792BA-4648-4212-95A3-638126325A97}.Release|Any CPU.Build.0 = Release|Any CPU
		{9AEF3FF7-14FC-42E3-931D-A48A3BF86D3E}.Debug|Any CPU.ActiveCfg = Debug|Any CPU
		{9AEF3FF7-14FC-42E3-931D-A48A3BF86D3E}.Debug|Any CPU.Build.0 = Debug|Any CPU
		{9AEF3FF7-14FC-42E3-931D-A48A3BF86D3E}.Release|Any CPU.ActiveCfg = Release|Any CPU
		{9AEF3FF7-14FC-42E3-931D-A48A3BF86D3E}.Release|Any CPU.Build.0 = Release|Any CPU
		{7D217A45-99AA-45BE-9D1D-060BB976B463}.Debug|Any CPU.ActiveCfg = Debug|Any CPU
		{7D217A45-99AA-45BE-9D1D-060BB976B463}.Debug|Any CPU.Build.0 = Debug|Any CPU
		{7D217A45-99AA-45BE-9D1D-060BB976B463}.Release|Any CPU.ActiveCfg = Release|Any CPU
		{7D217A45-99AA-45BE-9D1D-060BB976B463}.Release|Any CPU.Build.0 = Release|Any CPU
		{18C21839-9EBB-4356-A141-FA2CBCB9FC76}.Debug|Any CPU.ActiveCfg = Debug|Any CPU
		{18C21839-9EBB-4356-A141-FA2CBCB9FC76}.Debug|Any CPU.Build.0 = Debug|Any CPU
		{18C21839-9EBB-4356-A141-FA2CBCB9FC76}.Release|Any CPU.ActiveCfg = Release|Any CPU
		{18C21839-9EBB-4356-A141-FA2CBCB9FC76}.Release|Any CPU.Build.0 = Release|Any CPU
		{F88A6619-A3CD-4BD1-ADFB-FA1FEBE37FC2}.Debug|Any CPU.ActiveCfg = Debug|Any CPU
		{F88A6619-A3CD-4BD1-ADFB-FA1FEBE37FC2}.Debug|Any CPU.Build.0 = Debug|Any CPU
		{F88A6619-A3CD-4BD1-ADFB-FA1FEBE37FC2}.Release|Any CPU.ActiveCfg = Release|Any CPU
		{F88A6619-A3CD-4BD1-ADFB-FA1FEBE37FC2}.Release|Any CPU.Build.0 = Release|Any CPU
		{FF8A9994-B36D-4F7A-9A10-7641FD5D4C70}.Debug|Any CPU.ActiveCfg = Debug|Any CPU
		{FF8A9994-B36D-4F7A-9A10-7641FD5D4C70}.Debug|Any CPU.Build.0 = Debug|Any CPU
		{FF8A9994-B36D-4F7A-9A10-7641FD5D4C70}.Release|Any CPU.ActiveCfg = Release|Any CPU
		{FF8A9994-B36D-4F7A-9A10-7641FD5D4C70}.Release|Any CPU.Build.0 = Release|Any CPU
		{A8B5A640-E859-4346-8834-2EEEBB87BBA5}.Debug|Any CPU.ActiveCfg = Debug|Any CPU
		{A8B5A640-E859-4346-8834-2EEEBB87BBA5}.Debug|Any CPU.Build.0 = Debug|Any CPU
		{A8B5A640-E859-4346-8834-2EEEBB87BBA5}.Release|Any CPU.ActiveCfg = Release|Any CPU
		{A8B5A640-E859-4346-8834-2EEEBB87BBA5}.Release|Any CPU.Build.0 = Release|Any CPU
		{95052519-CF2C-45F5-88C3-E77EE1C1B962}.Debug|Any CPU.ActiveCfg = Debug|Any CPU
		{95052519-CF2C-45F5-88C3-E77EE1C1B962}.Debug|Any CPU.Build.0 = Debug|Any CPU
		{95052519-CF2C-45F5-88C3-E77EE1C1B962}.Release|Any CPU.ActiveCfg = Release|Any CPU
		{95052519-CF2C-45F5-88C3-E77EE1C1B962}.Release|Any CPU.Build.0 = Release|Any CPU
		{AA5C371B-686E-483A-AFFC-0484A77508FB}.Debug|Any CPU.ActiveCfg = Debug|Any CPU
		{AA5C371B-686E-483A-AFFC-0484A77508FB}.Debug|Any CPU.Build.0 = Debug|Any CPU
		{AA5C371B-686E-483A-AFFC-0484A77508FB}.Release|Any CPU.ActiveCfg = Release|Any CPU
		{AA5C371B-686E-483A-AFFC-0484A77508FB}.Release|Any CPU.Build.0 = Release|Any CPU
		{11F77D94-4626-491D-93EF-6A9915F43AB3}.Debug|Any CPU.ActiveCfg = Debug|Any CPU
		{11F77D94-4626-491D-93EF-6A9915F43AB3}.Debug|Any CPU.Build.0 = Debug|Any CPU
		{11F77D94-4626-491D-93EF-6A9915F43AB3}.Release|Any CPU.ActiveCfg = Release|Any CPU
		{11F77D94-4626-491D-93EF-6A9915F43AB3}.Release|Any CPU.Build.0 = Release|Any CPU
		{C072EE1F-CDC9-4AB9-ACD1-2DA8EE97D555}.Debug|Any CPU.ActiveCfg = Debug|Any CPU
		{C072EE1F-CDC9-4AB9-ACD1-2DA8EE97D555}.Debug|Any CPU.Build.0 = Debug|Any CPU
		{C072EE1F-CDC9-4AB9-ACD1-2DA8EE97D555}.Release|Any CPU.ActiveCfg = Release|Any CPU
		{C072EE1F-CDC9-4AB9-ACD1-2DA8EE97D555}.Release|Any CPU.Build.0 = Release|Any CPU
		{6F179C39-1FE4-401E-B30C-D6D73B6A51C3}.Debug|Any CPU.ActiveCfg = Debug|Any CPU
		{6F179C39-1FE4-401E-B30C-D6D73B6A51C3}.Debug|Any CPU.Build.0 = Debug|Any CPU
		{6F179C39-1FE4-401E-B30C-D6D73B6A51C3}.Release|Any CPU.ActiveCfg = Release|Any CPU
		{6F179C39-1FE4-401E-B30C-D6D73B6A51C3}.Release|Any CPU.Build.0 = Release|Any CPU
		{F14EFF26-1CEA-473A-81CF-CFF01789FFF2}.Debug|Any CPU.ActiveCfg = Debug|Any CPU
		{F14EFF26-1CEA-473A-81CF-CFF01789FFF2}.Debug|Any CPU.Build.0 = Debug|Any CPU
		{F14EFF26-1CEA-473A-81CF-CFF01789FFF2}.Release|Any CPU.ActiveCfg = Release|Any CPU
		{F14EFF26-1CEA-473A-81CF-CFF01789FFF2}.Release|Any CPU.Build.0 = Release|Any CPU
		{9543AD92-E1B1-4F79-8DEA-540CD076D94C}.Debug|Any CPU.ActiveCfg = Debug|Any CPU
		{9543AD92-E1B1-4F79-8DEA-540CD076D94C}.Debug|Any CPU.Build.0 = Debug|Any CPU
		{9543AD92-E1B1-4F79-8DEA-540CD076D94C}.Release|Any CPU.ActiveCfg = Release|Any CPU
		{9543AD92-E1B1-4F79-8DEA-540CD076D94C}.Release|Any CPU.Build.0 = Release|Any CPU
		{610ABADC-71C7-4606-B441-706254716148}.Debug|Any CPU.ActiveCfg = Debug|Any CPU
		{610ABADC-71C7-4606-B441-706254716148}.Debug|Any CPU.Build.0 = Debug|Any CPU
		{610ABADC-71C7-4606-B441-706254716148}.Release|Any CPU.ActiveCfg = Release|Any CPU
		{610ABADC-71C7-4606-B441-706254716148}.Release|Any CPU.Build.0 = Release|Any CPU
		{8F8FFCF4-7AA8-43C7-9FDE-8C4562B04C84}.Debug|Any CPU.ActiveCfg = Debug|Any CPU
		{8F8FFCF4-7AA8-43C7-9FDE-8C4562B04C84}.Debug|Any CPU.Build.0 = Debug|Any CPU
		{8F8FFCF4-7AA8-43C7-9FDE-8C4562B04C84}.Release|Any CPU.ActiveCfg = Release|Any CPU
		{8F8FFCF4-7AA8-43C7-9FDE-8C4562B04C84}.Release|Any CPU.Build.0 = Release|Any CPU
		{8EC91DBA-B6B4-4F01-9B30-31CFACECED17}.Debug|Any CPU.ActiveCfg = Debug|Any CPU
		{8EC91DBA-B6B4-4F01-9B30-31CFACECED17}.Debug|Any CPU.Build.0 = Debug|Any CPU
		{8EC91DBA-B6B4-4F01-9B30-31CFACECED17}.Release|Any CPU.ActiveCfg = Release|Any CPU
		{8EC91DBA-B6B4-4F01-9B30-31CFACECED17}.Release|Any CPU.Build.0 = Release|Any CPU
		{97A7C2B4-AB5B-4A67-8888-F4C47039AEE0}.Debug|Any CPU.ActiveCfg = Debug|Any CPU
		{97A7C2B4-AB5B-4A67-8888-F4C47039AEE0}.Debug|Any CPU.Build.0 = Debug|Any CPU
		{97A7C2B4-AB5B-4A67-8888-F4C47039AEE0}.Release|Any CPU.ActiveCfg = Release|Any CPU
		{97A7C2B4-AB5B-4A67-8888-F4C47039AEE0}.Release|Any CPU.Build.0 = Release|Any CPU
		{92D23BE6-33AA-498F-A45F-0DE9F79D43D9}.Debug|Any CPU.ActiveCfg = Debug|Any CPU
		{92D23BE6-33AA-498F-A45F-0DE9F79D43D9}.Debug|Any CPU.Build.0 = Debug|Any CPU
		{92D23BE6-33AA-498F-A45F-0DE9F79D43D9}.Release|Any CPU.ActiveCfg = Release|Any CPU
		{92D23BE6-33AA-498F-A45F-0DE9F79D43D9}.Release|Any CPU.Build.0 = Release|Any CPU
		{84E80E1F-7376-43E0-85D4-80752B883AC2}.Debug|Any CPU.ActiveCfg = Debug|Any CPU
		{84E80E1F-7376-43E0-85D4-80752B883AC2}.Debug|Any CPU.Build.0 = Debug|Any CPU
		{84E80E1F-7376-43E0-85D4-80752B883AC2}.Release|Any CPU.ActiveCfg = Release|Any CPU
		{84E80E1F-7376-43E0-85D4-80752B883AC2}.Release|Any CPU.Build.0 = Release|Any CPU
		{98B361B3-35F4-491A-9639-B1739405E9A3}.Debug|Any CPU.ActiveCfg = Debug|Any CPU
		{98B361B3-35F4-491A-9639-B1739405E9A3}.Debug|Any CPU.Build.0 = Debug|Any CPU
		{98B361B3-35F4-491A-9639-B1739405E9A3}.Release|Any CPU.ActiveCfg = Release|Any CPU
		{98B361B3-35F4-491A-9639-B1739405E9A3}.Release|Any CPU.Build.0 = Release|Any CPU
		{613C602A-4809-4347-9C35-83CC3A86D45C}.Debug|Any CPU.ActiveCfg = Debug|Any CPU
		{613C602A-4809-4347-9C35-83CC3A86D45C}.Debug|Any CPU.Build.0 = Debug|Any CPU
		{613C602A-4809-4347-9C35-83CC3A86D45C}.Release|Any CPU.ActiveCfg = Release|Any CPU
		{613C602A-4809-4347-9C35-83CC3A86D45C}.Release|Any CPU.Build.0 = Release|Any CPU
		{54F432DD-155A-4600-8AE7-9A6189895111}.Debug|Any CPU.ActiveCfg = Debug|Any CPU
		{54F432DD-155A-4600-8AE7-9A6189895111}.Debug|Any CPU.Build.0 = Debug|Any CPU
		{54F432DD-155A-4600-8AE7-9A6189895111}.Release|Any CPU.ActiveCfg = Release|Any CPU
		{54F432DD-155A-4600-8AE7-9A6189895111}.Release|Any CPU.Build.0 = Release|Any CPU
		{5D2A9EE3-3062-4F3D-83AB-3EC69681321C}.Debug|Any CPU.ActiveCfg = Debug|Any CPU
		{5D2A9EE3-3062-4F3D-83AB-3EC69681321C}.Debug|Any CPU.Build.0 = Debug|Any CPU
		{5D2A9EE3-3062-4F3D-83AB-3EC69681321C}.Release|Any CPU.ActiveCfg = Release|Any CPU
		{5D2A9EE3-3062-4F3D-83AB-3EC69681321C}.Release|Any CPU.Build.0 = Release|Any CPU
		{6133D845-8A42-4C75-81CD-EE22A164E33C}.Debug|Any CPU.ActiveCfg = Debug|Any CPU
		{6133D845-8A42-4C75-81CD-EE22A164E33C}.Debug|Any CPU.Build.0 = Debug|Any CPU
		{6133D845-8A42-4C75-81CD-EE22A164E33C}.Release|Any CPU.ActiveCfg = Release|Any CPU
		{6133D845-8A42-4C75-81CD-EE22A164E33C}.Release|Any CPU.Build.0 = Release|Any CPU
		{E51774E8-CA94-425A-950E-A5E38C62C9B9}.Debug|Any CPU.ActiveCfg = Debug|Any CPU
		{E51774E8-CA94-425A-950E-A5E38C62C9B9}.Debug|Any CPU.Build.0 = Debug|Any CPU
		{E51774E8-CA94-425A-950E-A5E38C62C9B9}.Release|Any CPU.ActiveCfg = Release|Any CPU
		{E51774E8-CA94-425A-950E-A5E38C62C9B9}.Release|Any CPU.Build.0 = Release|Any CPU
		{801DD05F-71E8-46A7-BCC0-13C28545EFF8}.Debug|Any CPU.ActiveCfg = Debug|Any CPU
		{801DD05F-71E8-46A7-BCC0-13C28545EFF8}.Debug|Any CPU.Build.0 = Debug|Any CPU
		{801DD05F-71E8-46A7-BCC0-13C28545EFF8}.Release|Any CPU.ActiveCfg = Release|Any CPU
		{801DD05F-71E8-46A7-BCC0-13C28545EFF8}.Release|Any CPU.Build.0 = Release|Any CPU
		{EB2F9ABC-9D20-4AD8-905B-8267029FC232}.Debug|Any CPU.ActiveCfg = Debug|Any CPU
		{EB2F9ABC-9D20-4AD8-905B-8267029FC232}.Debug|Any CPU.Build.0 = Debug|Any CPU
		{EB2F9ABC-9D20-4AD8-905B-8267029FC232}.Release|Any CPU.ActiveCfg = Release|Any CPU
		{EB2F9ABC-9D20-4AD8-905B-8267029FC232}.Release|Any CPU.Build.0 = Release|Any CPU
		{6F9024D4-3AC1-401E-B594-CC4ACFC87E9C}.Debug|Any CPU.ActiveCfg = Debug|Any CPU
		{6F9024D4-3AC1-401E-B594-CC4ACFC87E9C}.Debug|Any CPU.Build.0 = Debug|Any CPU
		{6F9024D4-3AC1-401E-B594-CC4ACFC87E9C}.Release|Any CPU.ActiveCfg = Release|Any CPU
		{6F9024D4-3AC1-401E-B594-CC4ACFC87E9C}.Release|Any CPU.Build.0 = Release|Any CPU
		{B3CCC571-871F-4B59-861B-FA58FFFA199E}.Debug|Any CPU.ActiveCfg = Debug|Any CPU
		{B3CCC571-871F-4B59-861B-FA58FFFA199E}.Debug|Any CPU.Build.0 = Debug|Any CPU
		{B3CCC571-871F-4B59-861B-FA58FFFA199E}.Release|Any CPU.ActiveCfg = Release|Any CPU
		{B3CCC571-871F-4B59-861B-FA58FFFA199E}.Release|Any CPU.Build.0 = Release|Any CPU
		{CDB958BD-CB41-4B7B-B637-234891F67C9F}.Debug|Any CPU.ActiveCfg = Debug|Any CPU
		{CDB958BD-CB41-4B7B-B637-234891F67C9F}.Debug|Any CPU.Build.0 = Debug|Any CPU
		{CDB958BD-CB41-4B7B-B637-234891F67C9F}.Release|Any CPU.ActiveCfg = Release|Any CPU
		{CDB958BD-CB41-4B7B-B637-234891F67C9F}.Release|Any CPU.Build.0 = Release|Any CPU
		{62E4A6FB-C9CE-4266-9A71-8C9561B81A6F}.Debug|Any CPU.ActiveCfg = Debug|Any CPU
		{62E4A6FB-C9CE-4266-9A71-8C9561B81A6F}.Debug|Any CPU.Build.0 = Debug|Any CPU
		{62E4A6FB-C9CE-4266-9A71-8C9561B81A6F}.Release|Any CPU.ActiveCfg = Release|Any CPU
		{62E4A6FB-C9CE-4266-9A71-8C9561B81A6F}.Release|Any CPU.Build.0 = Release|Any CPU
		{71E22D71-CAAC-4933-B866-6A4D7F87C091}.Debug|Any CPU.ActiveCfg = Debug|Any CPU
		{71E22D71-CAAC-4933-B866-6A4D7F87C091}.Debug|Any CPU.Build.0 = Debug|Any CPU
		{71E22D71-CAAC-4933-B866-6A4D7F87C091}.Release|Any CPU.ActiveCfg = Release|Any CPU
		{71E22D71-CAAC-4933-B866-6A4D7F87C091}.Release|Any CPU.Build.0 = Release|Any CPU
		{601CEA08-F3C9-4A40-BDAB-B7457C5A3D5C}.Debug|Any CPU.ActiveCfg = Debug|Any CPU
		{601CEA08-F3C9-4A40-BDAB-B7457C5A3D5C}.Debug|Any CPU.Build.0 = Debug|Any CPU
		{601CEA08-F3C9-4A40-BDAB-B7457C5A3D5C}.Release|Any CPU.ActiveCfg = Release|Any CPU
		{601CEA08-F3C9-4A40-BDAB-B7457C5A3D5C}.Release|Any CPU.Build.0 = Release|Any CPU
		{E50D6663-DD9F-4EAD-B823-D9B8D11D8420}.Debug|Any CPU.ActiveCfg = Debug|Any CPU
		{E50D6663-DD9F-4EAD-B823-D9B8D11D8420}.Debug|Any CPU.Build.0 = Debug|Any CPU
		{E50D6663-DD9F-4EAD-B823-D9B8D11D8420}.Release|Any CPU.ActiveCfg = Release|Any CPU
		{E50D6663-DD9F-4EAD-B823-D9B8D11D8420}.Release|Any CPU.Build.0 = Release|Any CPU
		{0ACA5F25-B133-4F8F-B7D2-285C625675F9}.Debug|Any CPU.ActiveCfg = Debug|Any CPU
		{0ACA5F25-B133-4F8F-B7D2-285C625675F9}.Debug|Any CPU.Build.0 = Debug|Any CPU
		{0ACA5F25-B133-4F8F-B7D2-285C625675F9}.Release|Any CPU.ActiveCfg = Release|Any CPU
		{0ACA5F25-B133-4F8F-B7D2-285C625675F9}.Release|Any CPU.Build.0 = Release|Any CPU
		{B8B3ECA3-5EDD-40E7-992E-7E6EAC3A0824}.Debug|Any CPU.ActiveCfg = Debug|Any CPU
		{B8B3ECA3-5EDD-40E7-992E-7E6EAC3A0824}.Debug|Any CPU.Build.0 = Debug|Any CPU
		{B8B3ECA3-5EDD-40E7-992E-7E6EAC3A0824}.Release|Any CPU.ActiveCfg = Release|Any CPU
		{B8B3ECA3-5EDD-40E7-992E-7E6EAC3A0824}.Release|Any CPU.Build.0 = Release|Any CPU
		{218C46B0-BFD3-4EA0-9F05-50DC55F28430}.Debug|Any CPU.ActiveCfg = Debug|Any CPU
		{218C46B0-BFD3-4EA0-9F05-50DC55F28430}.Debug|Any CPU.Build.0 = Debug|Any CPU
		{218C46B0-BFD3-4EA0-9F05-50DC55F28430}.Release|Any CPU.ActiveCfg = Release|Any CPU
		{218C46B0-BFD3-4EA0-9F05-50DC55F28430}.Release|Any CPU.Build.0 = Release|Any CPU
		{98BB7FB2-FBA4-4423-94CB-A9569BFA2456}.Debug|Any CPU.ActiveCfg = Debug|Any CPU
		{98BB7FB2-FBA4-4423-94CB-A9569BFA2456}.Debug|Any CPU.Build.0 = Debug|Any CPU
		{98BB7FB2-FBA4-4423-94CB-A9569BFA2456}.Release|Any CPU.ActiveCfg = Release|Any CPU
		{98BB7FB2-FBA4-4423-94CB-A9569BFA2456}.Release|Any CPU.Build.0 = Release|Any CPU
		{8ABCD1E4-FE34-41FE-A56F-4565E8C90B6C}.Debug|Any CPU.ActiveCfg = Debug|Any CPU
		{8ABCD1E4-FE34-41FE-A56F-4565E8C90B6C}.Debug|Any CPU.Build.0 = Debug|Any CPU
		{8ABCD1E4-FE34-41FE-A56F-4565E8C90B6C}.Release|Any CPU.ActiveCfg = Release|Any CPU
		{8ABCD1E4-FE34-41FE-A56F-4565E8C90B6C}.Release|Any CPU.Build.0 = Release|Any CPU
		{47F7D98E-EAAF-4ED8-AF59-C234821D5F20}.Debug|Any CPU.ActiveCfg = Debug|Any CPU
		{47F7D98E-EAAF-4ED8-AF59-C234821D5F20}.Debug|Any CPU.Build.0 = Debug|Any CPU
		{47F7D98E-EAAF-4ED8-AF59-C234821D5F20}.Release|Any CPU.ActiveCfg = Release|Any CPU
		{47F7D98E-EAAF-4ED8-AF59-C234821D5F20}.Release|Any CPU.Build.0 = Release|Any CPU
		{E463A1CD-5056-4C17-AB52-EC4F8391C4F7}.Debug|Any CPU.ActiveCfg = Debug|Any CPU
		{E463A1CD-5056-4C17-AB52-EC4F8391C4F7}.Debug|Any CPU.Build.0 = Debug|Any CPU
		{E463A1CD-5056-4C17-AB52-EC4F8391C4F7}.Release|Any CPU.ActiveCfg = Release|Any CPU
		{E463A1CD-5056-4C17-AB52-EC4F8391C4F7}.Release|Any CPU.Build.0 = Release|Any CPU
		{C9A0A3BD-6CFA-426B-84B1-312A2ACBAE79}.Debug|Any CPU.ActiveCfg = Debug|Any CPU
		{C9A0A3BD-6CFA-426B-84B1-312A2ACBAE79}.Debug|Any CPU.Build.0 = Debug|Any CPU
		{C9A0A3BD-6CFA-426B-84B1-312A2ACBAE79}.Release|Any CPU.ActiveCfg = Release|Any CPU
		{C9A0A3BD-6CFA-426B-84B1-312A2ACBAE79}.Release|Any CPU.Build.0 = Release|Any CPU
		{700146DB-F59F-4001-B22F-F989DE73064E}.Debug|Any CPU.ActiveCfg = Debug|Any CPU
		{700146DB-F59F-4001-B22F-F989DE73064E}.Debug|Any CPU.Build.0 = Debug|Any CPU
		{700146DB-F59F-4001-B22F-F989DE73064E}.Release|Any CPU.ActiveCfg = Release|Any CPU
		{700146DB-F59F-4001-B22F-F989DE73064E}.Release|Any CPU.Build.0 = Release|Any CPU
		{E1554BB8-396D-4330-AE01-C233D2C537F3}.Debug|Any CPU.ActiveCfg = Debug|Any CPU
		{E1554BB8-396D-4330-AE01-C233D2C537F3}.Debug|Any CPU.Build.0 = Debug|Any CPU
		{E1554BB8-396D-4330-AE01-C233D2C537F3}.Release|Any CPU.ActiveCfg = Release|Any CPU
		{E1554BB8-396D-4330-AE01-C233D2C537F3}.Release|Any CPU.Build.0 = Release|Any CPU
		{916C565B-9F0F-4D1A-BA5F-5BC7D159029A}.Debug|Any CPU.ActiveCfg = Debug|Any CPU
		{916C565B-9F0F-4D1A-BA5F-5BC7D159029A}.Debug|Any CPU.Build.0 = Debug|Any CPU
		{916C565B-9F0F-4D1A-BA5F-5BC7D159029A}.Release|Any CPU.ActiveCfg = Release|Any CPU
		{916C565B-9F0F-4D1A-BA5F-5BC7D159029A}.Release|Any CPU.Build.0 = Release|Any CPU
		{532979CA-ACBC-44F8-8870-D2D39DAD9EC3}.Debug|Any CPU.ActiveCfg = Debug|Any CPU
		{532979CA-ACBC-44F8-8870-D2D39DAD9EC3}.Debug|Any CPU.Build.0 = Debug|Any CPU
		{532979CA-ACBC-44F8-8870-D2D39DAD9EC3}.Release|Any CPU.ActiveCfg = Release|Any CPU
		{532979CA-ACBC-44F8-8870-D2D39DAD9EC3}.Release|Any CPU.Build.0 = Release|Any CPU
		{F92D862D-1ADF-480A-84B6-15C95CD4AE24}.Debug|Any CPU.ActiveCfg = Debug|Any CPU
		{F92D862D-1ADF-480A-84B6-15C95CD4AE24}.Debug|Any CPU.Build.0 = Debug|Any CPU
		{F92D862D-1ADF-480A-84B6-15C95CD4AE24}.Release|Any CPU.ActiveCfg = Release|Any CPU
		{F92D862D-1ADF-480A-84B6-15C95CD4AE24}.Release|Any CPU.Build.0 = Release|Any CPU
		{F9DB5240-8ACF-4628-A218-6C4DC5869DD2}.Debug|Any CPU.ActiveCfg = Debug|Any CPU
		{F9DB5240-8ACF-4628-A218-6C4DC5869DD2}.Debug|Any CPU.Build.0 = Debug|Any CPU
		{F9DB5240-8ACF-4628-A218-6C4DC5869DD2}.Release|Any CPU.ActiveCfg = Release|Any CPU
		{F9DB5240-8ACF-4628-A218-6C4DC5869DD2}.Release|Any CPU.Build.0 = Release|Any CPU
		{9B821272-C560-4ABD-A41D-5C63B84134CD}.Debug|Any CPU.ActiveCfg = Debug|Any CPU
		{9B821272-C560-4ABD-A41D-5C63B84134CD}.Debug|Any CPU.Build.0 = Debug|Any CPU
		{9B821272-C560-4ABD-A41D-5C63B84134CD}.Release|Any CPU.ActiveCfg = Release|Any CPU
		{9B821272-C560-4ABD-A41D-5C63B84134CD}.Release|Any CPU.Build.0 = Release|Any CPU
		{DCF22EAD-1F73-431C-B5A4-6ACE9660FFAA}.Debug|Any CPU.ActiveCfg = Debug|Any CPU
		{DCF22EAD-1F73-431C-B5A4-6ACE9660FFAA}.Debug|Any CPU.Build.0 = Debug|Any CPU
		{DCF22EAD-1F73-431C-B5A4-6ACE9660FFAA}.Release|Any CPU.ActiveCfg = Release|Any CPU
		{DCF22EAD-1F73-431C-B5A4-6ACE9660FFAA}.Release|Any CPU.Build.0 = Release|Any CPU
		{2E7C9C0F-738F-4048-933A-4508A4CD91AF}.Debug|Any CPU.ActiveCfg = Debug|Any CPU
		{2E7C9C0F-738F-4048-933A-4508A4CD91AF}.Debug|Any CPU.Build.0 = Debug|Any CPU
		{2E7C9C0F-738F-4048-933A-4508A4CD91AF}.Release|Any CPU.ActiveCfg = Release|Any CPU
		{2E7C9C0F-738F-4048-933A-4508A4CD91AF}.Release|Any CPU.Build.0 = Release|Any CPU
		{A5558E1A-52E0-41E7-A7B3-223A110FBA24}.Debug|Any CPU.ActiveCfg = Debug|Any CPU
		{A5558E1A-52E0-41E7-A7B3-223A110FBA24}.Debug|Any CPU.Build.0 = Debug|Any CPU
		{A5558E1A-52E0-41E7-A7B3-223A110FBA24}.Release|Any CPU.ActiveCfg = Release|Any CPU
		{A5558E1A-52E0-41E7-A7B3-223A110FBA24}.Release|Any CPU.Build.0 = Release|Any CPU
		{0FC93FCC-A222-4BEE-8D74-EA871813C52A}.Debug|Any CPU.ActiveCfg = Debug|Any CPU
		{0FC93FCC-A222-4BEE-8D74-EA871813C52A}.Debug|Any CPU.Build.0 = Debug|Any CPU
		{0FC93FCC-A222-4BEE-8D74-EA871813C52A}.Release|Any CPU.ActiveCfg = Release|Any CPU
		{0FC93FCC-A222-4BEE-8D74-EA871813C52A}.Release|Any CPU.Build.0 = Release|Any CPU
		{351BFDD3-C8E4-4C30-BD36-06E237444B68}.Debug|Any CPU.ActiveCfg = Debug|Any CPU
		{351BFDD3-C8E4-4C30-BD36-06E237444B68}.Debug|Any CPU.Build.0 = Debug|Any CPU
		{351BFDD3-C8E4-4C30-BD36-06E237444B68}.Release|Any CPU.ActiveCfg = Release|Any CPU
		{351BFDD3-C8E4-4C30-BD36-06E237444B68}.Release|Any CPU.Build.0 = Release|Any CPU
		{DA726A3D-4FCA-4A52-B3AC-810842CC317E}.Debug|Any CPU.ActiveCfg = Debug|Any CPU
		{DA726A3D-4FCA-4A52-B3AC-810842CC317E}.Debug|Any CPU.Build.0 = Debug|Any CPU
		{DA726A3D-4FCA-4A52-B3AC-810842CC317E}.Release|Any CPU.ActiveCfg = Release|Any CPU
		{DA726A3D-4FCA-4A52-B3AC-810842CC317E}.Release|Any CPU.Build.0 = Release|Any CPU
		{965F29C7-2D89-496F-A4BB-2B6C45399568}.Debug|Any CPU.ActiveCfg = Debug|Any CPU
		{965F29C7-2D89-496F-A4BB-2B6C45399568}.Debug|Any CPU.Build.0 = Debug|Any CPU
		{965F29C7-2D89-496F-A4BB-2B6C45399568}.Release|Any CPU.ActiveCfg = Release|Any CPU
		{965F29C7-2D89-496F-A4BB-2B6C45399568}.Release|Any CPU.Build.0 = Release|Any CPU
		{E152E90C-27C1-4510-9510-5CE8A976F769}.Debug|Any CPU.ActiveCfg = Debug|Any CPU
		{E152E90C-27C1-4510-9510-5CE8A976F769}.Debug|Any CPU.Build.0 = Debug|Any CPU
		{E152E90C-27C1-4510-9510-5CE8A976F769}.Release|Any CPU.ActiveCfg = Release|Any CPU
		{E152E90C-27C1-4510-9510-5CE8A976F769}.Release|Any CPU.Build.0 = Release|Any CPU
		{00D416D5-79FB-4F6B-A726-30A8557A9A26}.Debug|Any CPU.ActiveCfg = Debug|Any CPU
		{00D416D5-79FB-4F6B-A726-30A8557A9A26}.Debug|Any CPU.Build.0 = Debug|Any CPU
		{00D416D5-79FB-4F6B-A726-30A8557A9A26}.Release|Any CPU.ActiveCfg = Release|Any CPU
		{00D416D5-79FB-4F6B-A726-30A8557A9A26}.Release|Any CPU.Build.0 = Release|Any CPU
		{32686C3B-173D-4031-A05F-1BD769B56C9E}.Debug|Any CPU.ActiveCfg = Debug|Any CPU
		{32686C3B-173D-4031-A05F-1BD769B56C9E}.Debug|Any CPU.Build.0 = Debug|Any CPU
		{32686C3B-173D-4031-A05F-1BD769B56C9E}.Release|Any CPU.ActiveCfg = Release|Any CPU
		{32686C3B-173D-4031-A05F-1BD769B56C9E}.Release|Any CPU.Build.0 = Release|Any CPU
		{28017154-5B7C-41F5-8188-F95D5624EBAA}.Debug|Any CPU.ActiveCfg = Debug|Any CPU
		{28017154-5B7C-41F5-8188-F95D5624EBAA}.Debug|Any CPU.Build.0 = Debug|Any CPU
		{28017154-5B7C-41F5-8188-F95D5624EBAA}.Release|Any CPU.ActiveCfg = Release|Any CPU
		{28017154-5B7C-41F5-8188-F95D5624EBAA}.Release|Any CPU.Build.0 = Release|Any CPU
		{17C11B4A-C3C9-4592-A80D-3192559B7D2B}.Debug|Any CPU.ActiveCfg = Debug|Any CPU
		{17C11B4A-C3C9-4592-A80D-3192559B7D2B}.Debug|Any CPU.Build.0 = Debug|Any CPU
		{17C11B4A-C3C9-4592-A80D-3192559B7D2B}.Release|Any CPU.ActiveCfg = Release|Any CPU
		{17C11B4A-C3C9-4592-A80D-3192559B7D2B}.Release|Any CPU.Build.0 = Release|Any CPU
		{DB35EF0D-BAC2-43F0-8EF6-54A39DF4EA23}.Debug|Any CPU.ActiveCfg = Debug|Any CPU
		{DB35EF0D-BAC2-43F0-8EF6-54A39DF4EA23}.Debug|Any CPU.Build.0 = Debug|Any CPU
		{DB35EF0D-BAC2-43F0-8EF6-54A39DF4EA23}.Release|Any CPU.ActiveCfg = Release|Any CPU
		{DB35EF0D-BAC2-43F0-8EF6-54A39DF4EA23}.Release|Any CPU.Build.0 = Release|Any CPU
		{50A1C1E5-5875-416F-A69C-90C3E8E23B4A}.Debug|Any CPU.ActiveCfg = Debug|Any CPU
		{50A1C1E5-5875-416F-A69C-90C3E8E23B4A}.Debug|Any CPU.Build.0 = Debug|Any CPU
		{50A1C1E5-5875-416F-A69C-90C3E8E23B4A}.Release|Any CPU.ActiveCfg = Release|Any CPU
		{50A1C1E5-5875-416F-A69C-90C3E8E23B4A}.Release|Any CPU.Build.0 = Release|Any CPU
		{79376923-0F5B-4475-8785-6AD3615AF7EB}.Debug|Any CPU.ActiveCfg = Debug|Any CPU
		{79376923-0F5B-4475-8785-6AD3615AF7EB}.Debug|Any CPU.Build.0 = Debug|Any CPU
		{79376923-0F5B-4475-8785-6AD3615AF7EB}.Release|Any CPU.ActiveCfg = Release|Any CPU
		{79376923-0F5B-4475-8785-6AD3615AF7EB}.Release|Any CPU.Build.0 = Release|Any CPU
		{6D92A034-B37A-4C15-B261-F4517FC377CA}.Debug|Any CPU.ActiveCfg = Debug|Any CPU
		{6D92A034-B37A-4C15-B261-F4517FC377CA}.Debug|Any CPU.Build.0 = Debug|Any CPU
		{6D92A034-B37A-4C15-B261-F4517FC377CA}.Release|Any CPU.ActiveCfg = Release|Any CPU
		{6D92A034-B37A-4C15-B261-F4517FC377CA}.Release|Any CPU.Build.0 = Release|Any CPU
		{A0A6AB71-EB09-42DF-A19F-6AAC332236AE}.Debug|Any CPU.ActiveCfg = Debug|Any CPU
		{A0A6AB71-EB09-42DF-A19F-6AAC332236AE}.Debug|Any CPU.Build.0 = Debug|Any CPU
		{A0A6AB71-EB09-42DF-A19F-6AAC332236AE}.Release|Any CPU.ActiveCfg = Release|Any CPU
		{A0A6AB71-EB09-42DF-A19F-6AAC332236AE}.Release|Any CPU.Build.0 = Release|Any CPU
		{BB3BD99C-65AE-44F0-93A6-733CDFA7764D}.Debug|Any CPU.ActiveCfg = Debug|Any CPU
		{BB3BD99C-65AE-44F0-93A6-733CDFA7764D}.Debug|Any CPU.Build.0 = Debug|Any CPU
		{BB3BD99C-65AE-44F0-93A6-733CDFA7764D}.Release|Any CPU.ActiveCfg = Release|Any CPU
		{BB3BD99C-65AE-44F0-93A6-733CDFA7764D}.Release|Any CPU.Build.0 = Release|Any CPU
		{E8430EB4-1CC2-4913-BEAA-1A2BDA07CBDE}.Debug|Any CPU.ActiveCfg = Debug|Any CPU
		{E8430EB4-1CC2-4913-BEAA-1A2BDA07CBDE}.Debug|Any CPU.Build.0 = Debug|Any CPU
		{E8430EB4-1CC2-4913-BEAA-1A2BDA07CBDE}.Release|Any CPU.ActiveCfg = Release|Any CPU
		{E8430EB4-1CC2-4913-BEAA-1A2BDA07CBDE}.Release|Any CPU.Build.0 = Release|Any CPU
		{DEC6C50F-D01A-41EE-A52E-C30D54B3CC52}.Debug|Any CPU.ActiveCfg = Debug|Any CPU
		{DEC6C50F-D01A-41EE-A52E-C30D54B3CC52}.Debug|Any CPU.Build.0 = Debug|Any CPU
		{DEC6C50F-D01A-41EE-A52E-C30D54B3CC52}.Release|Any CPU.ActiveCfg = Release|Any CPU
		{DEC6C50F-D01A-41EE-A52E-C30D54B3CC52}.Release|Any CPU.Build.0 = Release|Any CPU
		{428B13E9-E592-422C-95C2-9A60E550E7C5}.Debug|Any CPU.ActiveCfg = Debug|Any CPU
		{428B13E9-E592-422C-95C2-9A60E550E7C5}.Debug|Any CPU.Build.0 = Debug|Any CPU
		{428B13E9-E592-422C-95C2-9A60E550E7C5}.Release|Any CPU.ActiveCfg = Release|Any CPU
		{428B13E9-E592-422C-95C2-9A60E550E7C5}.Release|Any CPU.Build.0 = Release|Any CPU
		{D986F19C-1F23-4C4F-B716-F1323CE00D9F}.Debug|Any CPU.ActiveCfg = Debug|Any CPU
		{D986F19C-1F23-4C4F-B716-F1323CE00D9F}.Debug|Any CPU.Build.0 = Debug|Any CPU
		{D986F19C-1F23-4C4F-B716-F1323CE00D9F}.Release|Any CPU.ActiveCfg = Release|Any CPU
		{D986F19C-1F23-4C4F-B716-F1323CE00D9F}.Release|Any CPU.Build.0 = Release|Any CPU
		{FF12C8E8-6277-48DA-8936-F3688FEA8AD3}.Debug|Any CPU.ActiveCfg = Debug|Any CPU
		{FF12C8E8-6277-48DA-8936-F3688FEA8AD3}.Debug|Any CPU.Build.0 = Debug|Any CPU
		{FF12C8E8-6277-48DA-8936-F3688FEA8AD3}.Release|Any CPU.ActiveCfg = Release|Any CPU
		{FF12C8E8-6277-48DA-8936-F3688FEA8AD3}.Release|Any CPU.Build.0 = Release|Any CPU
		{09B5A4EA-78C5-4234-944B-0020136E20AD}.Debug|Any CPU.ActiveCfg = Debug|Any CPU
		{09B5A4EA-78C5-4234-944B-0020136E20AD}.Debug|Any CPU.Build.0 = Debug|Any CPU
		{09B5A4EA-78C5-4234-944B-0020136E20AD}.Release|Any CPU.ActiveCfg = Release|Any CPU
		{09B5A4EA-78C5-4234-944B-0020136E20AD}.Release|Any CPU.Build.0 = Release|Any CPU
		{DA218F99-5466-43F4-929D-226E39E09BC6}.Debug|Any CPU.ActiveCfg = Debug|Any CPU
		{DA218F99-5466-43F4-929D-226E39E09BC6}.Debug|Any CPU.Build.0 = Debug|Any CPU
		{DA218F99-5466-43F4-929D-226E39E09BC6}.Release|Any CPU.ActiveCfg = Release|Any CPU
		{DA218F99-5466-43F4-929D-226E39E09BC6}.Release|Any CPU.Build.0 = Release|Any CPU
		{00D1A4E9-440A-477D-B2E7-C996E503A7BB}.Debug|Any CPU.ActiveCfg = Debug|Any CPU
		{00D1A4E9-440A-477D-B2E7-C996E503A7BB}.Debug|Any CPU.Build.0 = Debug|Any CPU
		{00D1A4E9-440A-477D-B2E7-C996E503A7BB}.Release|Any CPU.ActiveCfg = Release|Any CPU
		{00D1A4E9-440A-477D-B2E7-C996E503A7BB}.Release|Any CPU.Build.0 = Release|Any CPU
		{60FA0907-DB6D-48A2-800A-9CA27AA733C8}.Debug|Any CPU.ActiveCfg = Debug|Any CPU
		{60FA0907-DB6D-48A2-800A-9CA27AA733C8}.Debug|Any CPU.Build.0 = Debug|Any CPU
		{60FA0907-DB6D-48A2-800A-9CA27AA733C8}.Release|Any CPU.ActiveCfg = Release|Any CPU
		{60FA0907-DB6D-48A2-800A-9CA27AA733C8}.Release|Any CPU.Build.0 = Release|Any CPU
		{0A6F02FB-0A94-4A2F-9D50-872A1D82CB4A}.Debug|Any CPU.ActiveCfg = Debug|Any CPU
		{0A6F02FB-0A94-4A2F-9D50-872A1D82CB4A}.Debug|Any CPU.Build.0 = Debug|Any CPU
		{0A6F02FB-0A94-4A2F-9D50-872A1D82CB4A}.Release|Any CPU.ActiveCfg = Release|Any CPU
		{0A6F02FB-0A94-4A2F-9D50-872A1D82CB4A}.Release|Any CPU.Build.0 = Release|Any CPU
		{666FDBEB-82DB-4627-B09B-23301AC6E158}.Debug|Any CPU.ActiveCfg = Debug|Any CPU
		{666FDBEB-82DB-4627-B09B-23301AC6E158}.Debug|Any CPU.Build.0 = Debug|Any CPU
		{666FDBEB-82DB-4627-B09B-23301AC6E158}.Release|Any CPU.ActiveCfg = Release|Any CPU
		{666FDBEB-82DB-4627-B09B-23301AC6E158}.Release|Any CPU.Build.0 = Release|Any CPU
		{41637E0A-E19E-4D53-B293-E75EEB81FE94}.Debug|Any CPU.ActiveCfg = Debug|Any CPU
		{41637E0A-E19E-4D53-B293-E75EEB81FE94}.Debug|Any CPU.Build.0 = Debug|Any CPU
		{41637E0A-E19E-4D53-B293-E75EEB81FE94}.Release|Any CPU.ActiveCfg = Release|Any CPU
		{41637E0A-E19E-4D53-B293-E75EEB81FE94}.Release|Any CPU.Build.0 = Release|Any CPU
		{C5FEFC28-C411-48D8-9D8E-7CDF19C0A71E}.Debug|Any CPU.ActiveCfg = Debug|Any CPU
		{C5FEFC28-C411-48D8-9D8E-7CDF19C0A71E}.Debug|Any CPU.Build.0 = Debug|Any CPU
		{C5FEFC28-C411-48D8-9D8E-7CDF19C0A71E}.Release|Any CPU.ActiveCfg = Release|Any CPU
		{C5FEFC28-C411-48D8-9D8E-7CDF19C0A71E}.Release|Any CPU.Build.0 = Release|Any CPU
		{CDD3E0E0-3372-4B92-80E9-01AA7743413C}.Debug|Any CPU.ActiveCfg = Debug|Any CPU
		{CDD3E0E0-3372-4B92-80E9-01AA7743413C}.Debug|Any CPU.Build.0 = Debug|Any CPU
		{CDD3E0E0-3372-4B92-80E9-01AA7743413C}.Release|Any CPU.ActiveCfg = Release|Any CPU
		{CDD3E0E0-3372-4B92-80E9-01AA7743413C}.Release|Any CPU.Build.0 = Release|Any CPU
		{AA3AE843-E287-405F-AD1C-456298C4E7EC}.Debug|Any CPU.ActiveCfg = Debug|Any CPU
		{AA3AE843-E287-405F-AD1C-456298C4E7EC}.Debug|Any CPU.Build.0 = Debug|Any CPU
		{AA3AE843-E287-405F-AD1C-456298C4E7EC}.Release|Any CPU.ActiveCfg = Release|Any CPU
		{AA3AE843-E287-405F-AD1C-456298C4E7EC}.Release|Any CPU.Build.0 = Release|Any CPU
		{0C4837DB-E542-436F-B5A6-4D2D12685F15}.Debug|Any CPU.ActiveCfg = Debug|Any CPU
		{0C4837DB-E542-436F-B5A6-4D2D12685F15}.Debug|Any CPU.Build.0 = Debug|Any CPU
		{0C4837DB-E542-436F-B5A6-4D2D12685F15}.Release|Any CPU.ActiveCfg = Release|Any CPU
		{0C4837DB-E542-436F-B5A6-4D2D12685F15}.Release|Any CPU.Build.0 = Release|Any CPU
		{E84A2FD8-872B-4FDB-A329-0C883DFCC69F}.Debug|Any CPU.ActiveCfg = Debug|Any CPU
		{E84A2FD8-872B-4FDB-A329-0C883DFCC69F}.Debug|Any CPU.Build.0 = Debug|Any CPU
		{E84A2FD8-872B-4FDB-A329-0C883DFCC69F}.Release|Any CPU.ActiveCfg = Release|Any CPU
		{E84A2FD8-872B-4FDB-A329-0C883DFCC69F}.Release|Any CPU.Build.0 = Release|Any CPU
		{F46AF110-5FB0-48F9-B817-1F238B0791D6}.Debug|Any CPU.ActiveCfg = Debug|Any CPU
		{F46AF110-5FB0-48F9-B817-1F238B0791D6}.Debug|Any CPU.Build.0 = Debug|Any CPU
		{F46AF110-5FB0-48F9-B817-1F238B0791D6}.Release|Any CPU.ActiveCfg = Release|Any CPU
		{F46AF110-5FB0-48F9-B817-1F238B0791D6}.Release|Any CPU.Build.0 = Release|Any CPU
		{11A2B5CA-590C-433D-9550-0216F311FA11}.Debug|Any CPU.ActiveCfg = Debug|Any CPU
		{11A2B5CA-590C-433D-9550-0216F311FA11}.Debug|Any CPU.Build.0 = Debug|Any CPU
		{11A2B5CA-590C-433D-9550-0216F311FA11}.Release|Any CPU.ActiveCfg = Release|Any CPU
		{11A2B5CA-590C-433D-9550-0216F311FA11}.Release|Any CPU.Build.0 = Release|Any CPU
		{9B8791D7-4CF5-4C09-99D7-F6A242B96BDA}.Debug|Any CPU.ActiveCfg = Debug|Any CPU
		{9B8791D7-4CF5-4C09-99D7-F6A242B96BDA}.Debug|Any CPU.Build.0 = Debug|Any CPU
		{9B8791D7-4CF5-4C09-99D7-F6A242B96BDA}.Release|Any CPU.ActiveCfg = Release|Any CPU
		{9B8791D7-4CF5-4C09-99D7-F6A242B96BDA}.Release|Any CPU.Build.0 = Release|Any CPU
		{E16B72F4-1B40-4270-B78F-A6415905E01A}.Debug|Any CPU.ActiveCfg = Debug|Any CPU
		{E16B72F4-1B40-4270-B78F-A6415905E01A}.Debug|Any CPU.Build.0 = Debug|Any CPU
		{E16B72F4-1B40-4270-B78F-A6415905E01A}.Release|Any CPU.ActiveCfg = Release|Any CPU
		{E16B72F4-1B40-4270-B78F-A6415905E01A}.Release|Any CPU.Build.0 = Release|Any CPU
		{960CF937-3BC3-425B-89AA-8DF1AD9EFD8B}.Debug|Any CPU.ActiveCfg = Debug|Any CPU
		{960CF937-3BC3-425B-89AA-8DF1AD9EFD8B}.Debug|Any CPU.Build.0 = Debug|Any CPU
		{960CF937-3BC3-425B-89AA-8DF1AD9EFD8B}.Release|Any CPU.ActiveCfg = Release|Any CPU
		{960CF937-3BC3-425B-89AA-8DF1AD9EFD8B}.Release|Any CPU.Build.0 = Release|Any CPU
		{C64738A5-1832-4474-B1C6-195326F83AFD}.Debug|Any CPU.ActiveCfg = Debug|Any CPU
		{C64738A5-1832-4474-B1C6-195326F83AFD}.Debug|Any CPU.Build.0 = Debug|Any CPU
		{C64738A5-1832-4474-B1C6-195326F83AFD}.Release|Any CPU.ActiveCfg = Release|Any CPU
		{C64738A5-1832-4474-B1C6-195326F83AFD}.Release|Any CPU.Build.0 = Release|Any CPU
		{51019853-B26B-4B76-B60F-8AD8898C7B9F}.Debug|Any CPU.ActiveCfg = Debug|Any CPU
		{51019853-B26B-4B76-B60F-8AD8898C7B9F}.Debug|Any CPU.Build.0 = Debug|Any CPU
		{51019853-B26B-4B76-B60F-8AD8898C7B9F}.Release|Any CPU.ActiveCfg = Release|Any CPU
		{51019853-B26B-4B76-B60F-8AD8898C7B9F}.Release|Any CPU.Build.0 = Release|Any CPU
		{5570B9D2-3856-49C3-A97B-8EC17C3AEBB6}.Debug|Any CPU.ActiveCfg = Debug|Any CPU
		{5570B9D2-3856-49C3-A97B-8EC17C3AEBB6}.Debug|Any CPU.Build.0 = Debug|Any CPU
		{5570B9D2-3856-49C3-A97B-8EC17C3AEBB6}.Release|Any CPU.ActiveCfg = Release|Any CPU
		{5570B9D2-3856-49C3-A97B-8EC17C3AEBB6}.Release|Any CPU.Build.0 = Release|Any CPU
		{C708C53D-4242-4CC7-8D96-CADDD6612735}.Debug|Any CPU.ActiveCfg = Debug|Any CPU
		{C708C53D-4242-4CC7-8D96-CADDD6612735}.Debug|Any CPU.Build.0 = Debug|Any CPU
		{C708C53D-4242-4CC7-8D96-CADDD6612735}.Release|Any CPU.ActiveCfg = Release|Any CPU
		{C708C53D-4242-4CC7-8D96-CADDD6612735}.Release|Any CPU.Build.0 = Release|Any CPU
		{4F663448-0B0E-42DF-8DF0-88D769FF3D0C}.Debug|Any CPU.ActiveCfg = Debug|Any CPU
		{4F663448-0B0E-42DF-8DF0-88D769FF3D0C}.Debug|Any CPU.Build.0 = Debug|Any CPU
		{4F663448-0B0E-42DF-8DF0-88D769FF3D0C}.Release|Any CPU.ActiveCfg = Release|Any CPU
		{4F663448-0B0E-42DF-8DF0-88D769FF3D0C}.Release|Any CPU.Build.0 = Release|Any CPU
		{6789AEB4-6747-4816-8F29-FEC3EA24BD05}.Debug|Any CPU.ActiveCfg = Debug|Any CPU
		{6789AEB4-6747-4816-8F29-FEC3EA24BD05}.Debug|Any CPU.Build.0 = Debug|Any CPU
		{6789AEB4-6747-4816-8F29-FEC3EA24BD05}.Release|Any CPU.ActiveCfg = Release|Any CPU
		{6789AEB4-6747-4816-8F29-FEC3EA24BD05}.Release|Any CPU.Build.0 = Release|Any CPU
		{9594E313-E059-4A0A-B251-4DAAD25A1A77}.Debug|Any CPU.ActiveCfg = Debug|Any CPU
		{9594E313-E059-4A0A-B251-4DAAD25A1A77}.Debug|Any CPU.Build.0 = Debug|Any CPU
		{9594E313-E059-4A0A-B251-4DAAD25A1A77}.Release|Any CPU.ActiveCfg = Release|Any CPU
		{9594E313-E059-4A0A-B251-4DAAD25A1A77}.Release|Any CPU.Build.0 = Release|Any CPU
		{8F115B82-FA97-4492-A70F-0777490315E6}.Debug|Any CPU.ActiveCfg = Debug|Any CPU
		{8F115B82-FA97-4492-A70F-0777490315E6}.Debug|Any CPU.Build.0 = Debug|Any CPU
		{8F115B82-FA97-4492-A70F-0777490315E6}.Release|Any CPU.ActiveCfg = Release|Any CPU
		{8F115B82-FA97-4492-A70F-0777490315E6}.Release|Any CPU.Build.0 = Release|Any CPU
		{14C2DB6F-6E28-4ED3-9A38-D11B31082AAC}.Debug|Any CPU.ActiveCfg = Debug|Any CPU
		{14C2DB6F-6E28-4ED3-9A38-D11B31082AAC}.Debug|Any CPU.Build.0 = Debug|Any CPU
		{14C2DB6F-6E28-4ED3-9A38-D11B31082AAC}.Release|Any CPU.ActiveCfg = Release|Any CPU
		{14C2DB6F-6E28-4ED3-9A38-D11B31082AAC}.Release|Any CPU.Build.0 = Release|Any CPU
		{B80BEA9B-DF01-4D95-B78E-5209023D1CBB}.Debug|Any CPU.ActiveCfg = Debug|Any CPU
		{B80BEA9B-DF01-4D95-B78E-5209023D1CBB}.Debug|Any CPU.Build.0 = Debug|Any CPU
		{B80BEA9B-DF01-4D95-B78E-5209023D1CBB}.Release|Any CPU.ActiveCfg = Release|Any CPU
		{B80BEA9B-DF01-4D95-B78E-5209023D1CBB}.Release|Any CPU.Build.0 = Release|Any CPU
		{1C6FCD68-BF1F-4547-A1ED-BB427FCA332D}.Debug|Any CPU.ActiveCfg = Debug|Any CPU
		{1C6FCD68-BF1F-4547-A1ED-BB427FCA332D}.Debug|Any CPU.Build.0 = Debug|Any CPU
		{1C6FCD68-BF1F-4547-A1ED-BB427FCA332D}.Release|Any CPU.ActiveCfg = Release|Any CPU
		{1C6FCD68-BF1F-4547-A1ED-BB427FCA332D}.Release|Any CPU.Build.0 = Release|Any CPU
		{38D764BD-51EF-47C9-A13F-8484CC182A5F}.Debug|Any CPU.ActiveCfg = Debug|Any CPU
		{38D764BD-51EF-47C9-A13F-8484CC182A5F}.Debug|Any CPU.Build.0 = Debug|Any CPU
		{38D764BD-51EF-47C9-A13F-8484CC182A5F}.Release|Any CPU.ActiveCfg = Release|Any CPU
		{38D764BD-51EF-47C9-A13F-8484CC182A5F}.Release|Any CPU.Build.0 = Release|Any CPU
		{2EB79A14-1398-4FC8-AB3D-332DBD475973}.Debug|Any CPU.ActiveCfg = Debug|Any CPU
		{2EB79A14-1398-4FC8-AB3D-332DBD475973}.Debug|Any CPU.Build.0 = Debug|Any CPU
		{2EB79A14-1398-4FC8-AB3D-332DBD475973}.Release|Any CPU.ActiveCfg = Release|Any CPU
		{2EB79A14-1398-4FC8-AB3D-332DBD475973}.Release|Any CPU.Build.0 = Release|Any CPU
		{0B14F2C3-3E12-4375-805F-DDEBF6829153}.Debug|Any CPU.ActiveCfg = Debug|Any CPU
		{0B14F2C3-3E12-4375-805F-DDEBF6829153}.Debug|Any CPU.Build.0 = Debug|Any CPU
		{0B14F2C3-3E12-4375-805F-DDEBF6829153}.Release|Any CPU.ActiveCfg = Release|Any CPU
		{0B14F2C3-3E12-4375-805F-DDEBF6829153}.Release|Any CPU.Build.0 = Release|Any CPU
		{76FF8326-5545-4D93-B555-149B78FEBD98}.Debug|Any CPU.ActiveCfg = Debug|Any CPU
		{76FF8326-5545-4D93-B555-149B78FEBD98}.Debug|Any CPU.Build.0 = Debug|Any CPU
		{76FF8326-5545-4D93-B555-149B78FEBD98}.Release|Any CPU.ActiveCfg = Release|Any CPU
		{76FF8326-5545-4D93-B555-149B78FEBD98}.Release|Any CPU.Build.0 = Release|Any CPU
		{C8B05AFA-ADE4-4920-8719-114F48483160}.Debug|Any CPU.ActiveCfg = Debug|Any CPU
		{C8B05AFA-ADE4-4920-8719-114F48483160}.Debug|Any CPU.Build.0 = Debug|Any CPU
		{C8B05AFA-ADE4-4920-8719-114F48483160}.Release|Any CPU.ActiveCfg = Release|Any CPU
		{C8B05AFA-ADE4-4920-8719-114F48483160}.Release|Any CPU.Build.0 = Release|Any CPU
		{73DF00B3-04A0-4AC6-A466-53687AA39E13}.Debug|Any CPU.ActiveCfg = Debug|Any CPU
		{73DF00B3-04A0-4AC6-A466-53687AA39E13}.Debug|Any CPU.Build.0 = Debug|Any CPU
		{73DF00B3-04A0-4AC6-A466-53687AA39E13}.Release|Any CPU.ActiveCfg = Release|Any CPU
		{73DF00B3-04A0-4AC6-A466-53687AA39E13}.Release|Any CPU.Build.0 = Release|Any CPU
		{89F9604F-B060-4971-A19C-518C870FCCEF}.Debug|Any CPU.ActiveCfg = Debug|Any CPU
		{89F9604F-B060-4971-A19C-518C870FCCEF}.Debug|Any CPU.Build.0 = Debug|Any CPU
		{89F9604F-B060-4971-A19C-518C870FCCEF}.Release|Any CPU.ActiveCfg = Release|Any CPU
		{89F9604F-B060-4971-A19C-518C870FCCEF}.Release|Any CPU.Build.0 = Release|Any CPU
		{A9B5A0BA-B76E-4F76-A21A-005A3662D375}.Debug|Any CPU.ActiveCfg = Debug|Any CPU
		{A9B5A0BA-B76E-4F76-A21A-005A3662D375}.Debug|Any CPU.Build.0 = Debug|Any CPU
		{A9B5A0BA-B76E-4F76-A21A-005A3662D375}.Release|Any CPU.ActiveCfg = Release|Any CPU
		{A9B5A0BA-B76E-4F76-A21A-005A3662D375}.Release|Any CPU.Build.0 = Release|Any CPU
		{E2D9F1FF-B989-4F44-AC5A-A7D0DF36FBB9}.Debug|Any CPU.ActiveCfg = Debug|Any CPU
		{E2D9F1FF-B989-4F44-AC5A-A7D0DF36FBB9}.Debug|Any CPU.Build.0 = Debug|Any CPU
		{E2D9F1FF-B989-4F44-AC5A-A7D0DF36FBB9}.Release|Any CPU.ActiveCfg = Release|Any CPU
		{E2D9F1FF-B989-4F44-AC5A-A7D0DF36FBB9}.Release|Any CPU.Build.0 = Release|Any CPU
		{65E1BBC1-61C3-4E05-80C4-46F7339126A8}.Debug|Any CPU.ActiveCfg = Debug|Any CPU
		{65E1BBC1-61C3-4E05-80C4-46F7339126A8}.Debug|Any CPU.Build.0 = Debug|Any CPU
		{65E1BBC1-61C3-4E05-80C4-46F7339126A8}.Release|Any CPU.ActiveCfg = Release|Any CPU
		{65E1BBC1-61C3-4E05-80C4-46F7339126A8}.Release|Any CPU.Build.0 = Release|Any CPU
	EndGlobalSection
	GlobalSection(SolutionProperties) = preSolution
		HideSolutionNode = FALSE
	EndGlobalSection
	GlobalSection(ExtensibilityGlobals) = postSolution
		SolutionGuid = {B005F871-0C48-44B9-A223-E94D7B200254}
	EndGlobalSection
EndGlobal
