
Microsoft Visual Studio Solution File, Format Version 12.00
# Visual Studio 15
VisualStudioVersion = 15.0.28307.329
MinimumVisualStudioVersion = 10.0.40219.1
Project("{9A19103F-16F7-4668-BE54-9A1E7A4F7556}") = "1 - 04. Triangle of 55 Stars", "1 - 04. Triangle of 55 Stars\1 - 04. Triangle of 55 Stars.csproj", "{4CD33617-3B8F-421F-8B3D-B36E26ADBF88}"
EndProject
Project("{9A19103F-16F7-4668-BE54-9A1E7A4F7556}") = "1 - 06. Square of Stars", "1 - 06. Square of Stars\1 - 06. Square of Stars.csproj", "{15EBAAC5-2507-4D43-B395-D97EDB471575}"
EndProject
Project("{9A19103F-16F7-4668-BE54-9A1E7A4F7556}") = "2 - 13. 1000 Days After Birth", "2 - 13. 1000 Days After Birth\2 - 13. 1000 Days After Birth.csproj", "{6C65F21E-94F9-419F-B878-819FC3BF09B5}"
EndProject
Project("{9A19103F-16F7-4668-BE54-9A1E7A4F7556}") = "2.2 - 01. Training Lab", "2.2 - 01. Training Lab\2.2 - 01. Training Lab.csproj", "{82DF4086-D505-4271-82F0-5A8708F883DD}"
EndProject
Project("{9A19103F-16F7-4668-BE54-9A1E7A4F7556}") = "2.2 - 03. Change Tiles", "2.2 - 03. Change Tiles\2.2 - 03. Change Tiles.csproj", "{AE98350A-AD1F-4A9C-8CF5-2D8EF909871D}"
EndProject
Project("{9A19103F-16F7-4668-BE54-9A1E7A4F7556}") = "2.2 - 04. Money", "2.2 - 04. Money\2.2 - 04. Money.csproj", "{386D41DA-BDB2-4F4C-BA8C-BCD5F5441ED3}"
EndProject
Project("{9A19103F-16F7-4668-BE54-9A1E7A4F7556}") = "2.2 - 05. Daily Earnings", "2.2 - 05. Daily Earnings\2.2 - 05. Daily Earnings.csproj", "{7917FD6C-E34A-4D34-878E-FEAAA714341B}"
EndProject
Project("{9A19103F-16F7-4668-BE54-9A1E7A4F7556}") = "3.1 - 03. Even or Odd", "3.1 - 03. Even or Odd\3.1 - 03. Even or Odd.csproj", "{F31DAC83-67B2-4477-A0CD-13496DAE3838}"
EndProject
Project("{9A19103F-16F7-4668-BE54-9A1E7A4F7556}") = "3.1 - 04. Greater Number", "3.1 - 04. Greater Number\3.1 - 04. Greater Number.csproj", "{78F8279C-1CBA-4B81-8542-A54EF060381B}"
EndProject
Project("{9A19103F-16F7-4668-BE54-9A1E7A4F7556}") = "3.1 - 06. Bonus Score", "3.1 - 06. Bonus Score\3.1 - 06. Bonus Score.csproj", "{3136038A-9314-4D31-8564-D5B78E689675}"
EndProject
Project("{9A19103F-16F7-4668-BE54-9A1E7A4F7556}") = "3.1 - 07. Sum Seconds", "3.1 - 07. Sum Seconds\3.1 - 07. Sum Seconds.csproj", "{A8245470-5D5E-4810-8D80-84E114856837}"
EndProject
Project("{9A19103F-16F7-4668-BE54-9A1E7A4F7556}") = "3.1 - 08. Metric Converter", "3.1 - 08. Metric Converter\3.1 - 08. Metric Converter.csproj", "{1210E59A-041E-4D6B-8BBA-89B1F7F2ACB9}"
EndProject
Project("{9A19103F-16F7-4668-BE54-9A1E7A4F7556}") = "3.1 - 10. Number 100to200", "3.1 - 10. Number 100to200\3.1 - 10. Number 100to200.csproj", "{037A1E76-5E92-4631-A5B7-9FFD502F39F2}"
EndProject
Project("{9A19103F-16F7-4668-BE54-9A1E7A4F7556}") = "3.1 - 11. Equal Words", "3.1 - 11. Equal Words\3.1 - 11. Equal Words.csproj", "{B6BCF592-E809-4B38-A10F-AB1799D69AA3}"
EndProject
Project("{9A19103F-16F7-4668-BE54-9A1E7A4F7556}") = "3.1 - 12. Speed Info", "3.1 - 12. Speed Info\3.1 - 12. Speed Info.csproj", "{D0F4856B-E867-4CC8-844A-94617F12F4DD}"
EndProject
Project("{9A19103F-16F7-4668-BE54-9A1E7A4F7556}") = "3.1 - 13. Area of Figures", "3.1 - 13. Area of Figures\3.1 - 13. Area of Figures.csproj", "{2451AC9B-A4E8-4CB5-8010-84EBB5BA4854}"
EndProject
Project("{9A19103F-16F7-4668-BE54-9A1E7A4F7556}") = "3.1 - 14. Time + 15 Minutes", "3.1 - 14. Time + 15 Minutes\3.1 - 14. Time + 15 Minutes.csproj", "{D97906BA-4DF7-40AC-8B28-BDD721D5227A}"
EndProject
Project("{9A19103F-16F7-4668-BE54-9A1E7A4F7556}") = "3.1 - 15. 3 Equal Numbers", "3.1 - 15. 3 Equal Numbers\3.1 - 15. 3 Equal Numbers.csproj", "{8DAF6744-4890-4EED-A828-ACDF97490949}"
EndProject
Project("{9A19103F-16F7-4668-BE54-9A1E7A4F7556}") = "3.1 - 16. Number 0to100 to Text", "3.1 - 16. Number 0to100 to Text\3.1 - 16. Number 0to100 to Text.csproj", "{6091EE88-0E08-47F8-A6D5-E1EB18B169A5}"
EndProject
Project("{9A19103F-16F7-4668-BE54-9A1E7A4F7556}") = "3.2 - 01. Transport Price", "3.2 - 01. Transport Price\3.2 - 01. Transport Price.csproj", "{532792BA-4648-4212-95A3-638126325A97}"
EndProject
Project("{9A19103F-16F7-4668-BE54-9A1E7A4F7556}") = "3.2 - 02. Pipes In Pool", "3.2 - 02. Pipes In Pool\3.2 - 02. Pipes In Pool.csproj", "{9AEF3FF7-14FC-42E3-931D-A48A3BF86D3E}"
EndProject
Project("{9A19103F-16F7-4668-BE54-9A1E7A4F7556}") = "3.2 - 03. Sleepy Tom Cat", "3.2 - 03. Sleepy Tom Cat\3.2 - 03. Sleepy Tom Cat.csproj", "{7D217A45-99AA-45BE-9D1D-060BB976B463}"
EndProject
Project("{9A19103F-16F7-4668-BE54-9A1E7A4F7556}") = "3.2 - 04. Harvest", "3.2 - 04. Harvest\3.2 - 04. Harvest.csproj", "{18C21839-9EBB-4356-A141-FA2CBCB9FC76}"
EndProject
Project("{9A19103F-16F7-4668-BE54-9A1E7A4F7556}") = "3.2 - 05. Firm", "3.2 - 05. Firm\3.2 - 05. Firm.csproj", "{F88A6619-A3CD-4BD1-ADFB-FA1FEBE37FC2}"
EndProject
Project("{9A19103F-16F7-4668-BE54-9A1E7A4F7556}") = "4.1 - 01. Personal Titles", "4.1 - 01. Personal Titles\4.1 - 01. Personal Titles.csproj", "{FF8A9994-B36D-4F7A-9A10-7641FD5D4C70}"
EndProject
Project("{9A19103F-16F7-4668-BE54-9A1E7A4F7556}") = "4.1 - 02. Small Shop", "4.2 - 02. Small Shop\4.1 - 02. Small Shop.csproj", "{A8B5A640-E859-4346-8834-2EEEBB87BBA5}"
EndProject
Project("{9A19103F-16F7-4668-BE54-9A1E7A4F7556}") = "4.1 - 03. Point in Rectangle", "4.1 - 03. Point in Rectangle\4.1 - 03. Point in Rectangle.csproj", "{95052519-CF2C-45F5-88C3-E77EE1C1B962}"
EndProject
Project("{9A19103F-16F7-4668-BE54-9A1E7A4F7556}") = "4.1 - 04. Fruit or Vegetable", "4.2 - 04. Fruit or Vegetable\4.1 - 04. Fruit or Vegetable.csproj", "{AA5C371B-686E-483A-AFFC-0484A77508FB}"
EndProject
Project("{9A19103F-16F7-4668-BE54-9A1E7A4F7556}") = "4.1 - 05. Invalid Number", "4.1 - 05. Invalid Number\4.1 - 05. Invalid Number.csproj", "{11F77D94-4626-491D-93EF-6A9915F43AB3}"
EndProject
Project("{9A19103F-16F7-4668-BE54-9A1E7A4F7556}") = "4.1 - 06. Point on Rectangle Border", "4.1 - 06. Point on Rectangle Border\4.1 - 06. Point on Rectangle Border.csproj", "{C072EE1F-CDC9-4AB9-ACD1-2DA8EE97D555}"
EndProject
Project("{9A19103F-16F7-4668-BE54-9A1E7A4F7556}") = "4.1 - 07. Fruit Shop", "4.1 - 07. Fruit Shop\4.1 - 07. Fruit Shop.csproj", "{6F179C39-1FE4-401E-B30C-D6D73B6A51C3}"
EndProject
Project("{9A19103F-16F7-4668-BE54-9A1E7A4F7556}") = "4.1 - 08. Trade Comissions", "4.1 - 08. Trade Comissions\4.1 - 08. Trade Comissions.csproj", "{F14EFF26-1CEA-473A-81CF-CFF01789FFF2}"
EndProject
Project("{FAE04EC0-301F-11D3-BF4B-00C04F79EFBC}") = "4.1 - 09. Day of Week", "4.1 - 09. Day of Week\4.1 - 09. Day of Week.csproj", "{9543AD92-E1B1-4F79-8DEA-540CD076D94C}"
EndProject
Project("{FAE04EC0-301F-11D3-BF4B-00C04F79EFBC}") = "4.1 - 10. Animal Type", "4.1 - 10. Animal Type\4.1 - 10. Animal Type.csproj", "{610ABADC-71C7-4606-B441-706254716148}"
EndProject
Project("{FAE04EC0-301F-11D3-BF4B-00C04F79EFBC}") = "4.1 - 11. Cinema", "4.1 - 11. Cinema\4.1 - 11. Cinema.csproj", "{8F8FFCF4-7AA8-43C7-9FDE-8C4562B04C84}"
EndProject
Project("{FAE04EC0-301F-11D3-BF4B-00C04F79EFBC}") = "4.1 - 12. Volleyball", "4.1 - 12. Volleyball\4.1 - 12. Volleyball.csproj", "{8EC91DBA-B6B4-4F01-9B30-31CFACECED17}"
EndProject
Project("{FAE04EC0-301F-11D3-BF4B-00C04F79EFBC}") = "4.1 - 13. Point in the Figure", "4.1 - 13. Point in the Figure\4.1 - 13. Point in the Figure.csproj", "{97A7C2B4-AB5B-4A67-8888-F4C47039AEE0}"
EndProject
Global
	GlobalSection(SolutionConfigurationPlatforms) = preSolution
		Debug|Any CPU = Debug|Any CPU
		Release|Any CPU = Release|Any CPU
	EndGlobalSection
	GlobalSection(ProjectConfigurationPlatforms) = postSolution
		{4CD33617-3B8F-421F-8B3D-B36E26ADBF88}.Debug|Any CPU.ActiveCfg = Debug|Any CPU
		{4CD33617-3B8F-421F-8B3D-B36E26ADBF88}.Debug|Any CPU.Build.0 = Debug|Any CPU
		{4CD33617-3B8F-421F-8B3D-B36E26ADBF88}.Release|Any CPU.ActiveCfg = Release|Any CPU
		{4CD33617-3B8F-421F-8B3D-B36E26ADBF88}.Release|Any CPU.Build.0 = Release|Any CPU
		{15EBAAC5-2507-4D43-B395-D97EDB471575}.Debug|Any CPU.ActiveCfg = Debug|Any CPU
		{15EBAAC5-2507-4D43-B395-D97EDB471575}.Debug|Any CPU.Build.0 = Debug|Any CPU
		{15EBAAC5-2507-4D43-B395-D97EDB471575}.Release|Any CPU.ActiveCfg = Release|Any CPU
		{15EBAAC5-2507-4D43-B395-D97EDB471575}.Release|Any CPU.Build.0 = Release|Any CPU
		{6C65F21E-94F9-419F-B878-819FC3BF09B5}.Debug|Any CPU.ActiveCfg = Debug|Any CPU
		{6C65F21E-94F9-419F-B878-819FC3BF09B5}.Debug|Any CPU.Build.0 = Debug|Any CPU
		{6C65F21E-94F9-419F-B878-819FC3BF09B5}.Release|Any CPU.ActiveCfg = Release|Any CPU
		{6C65F21E-94F9-419F-B878-819FC3BF09B5}.Release|Any CPU.Build.0 = Release|Any CPU
		{82DF4086-D505-4271-82F0-5A8708F883DD}.Debug|Any CPU.ActiveCfg = Debug|Any CPU
		{82DF4086-D505-4271-82F0-5A8708F883DD}.Debug|Any CPU.Build.0 = Debug|Any CPU
		{82DF4086-D505-4271-82F0-5A8708F883DD}.Release|Any CPU.ActiveCfg = Release|Any CPU
		{82DF4086-D505-4271-82F0-5A8708F883DD}.Release|Any CPU.Build.0 = Release|Any CPU
		{AE98350A-AD1F-4A9C-8CF5-2D8EF909871D}.Debug|Any CPU.ActiveCfg = Debug|Any CPU
		{AE98350A-AD1F-4A9C-8CF5-2D8EF909871D}.Debug|Any CPU.Build.0 = Debug|Any CPU
		{AE98350A-AD1F-4A9C-8CF5-2D8EF909871D}.Release|Any CPU.ActiveCfg = Release|Any CPU
		{AE98350A-AD1F-4A9C-8CF5-2D8EF909871D}.Release|Any CPU.Build.0 = Release|Any CPU
		{386D41DA-BDB2-4F4C-BA8C-BCD5F5441ED3}.Debug|Any CPU.ActiveCfg = Debug|Any CPU
		{386D41DA-BDB2-4F4C-BA8C-BCD5F5441ED3}.Debug|Any CPU.Build.0 = Debug|Any CPU
		{386D41DA-BDB2-4F4C-BA8C-BCD5F5441ED3}.Release|Any CPU.ActiveCfg = Release|Any CPU
		{386D41DA-BDB2-4F4C-BA8C-BCD5F5441ED3}.Release|Any CPU.Build.0 = Release|Any CPU
		{7917FD6C-E34A-4D34-878E-FEAAA714341B}.Debug|Any CPU.ActiveCfg = Debug|Any CPU
		{7917FD6C-E34A-4D34-878E-FEAAA714341B}.Debug|Any CPU.Build.0 = Debug|Any CPU
		{7917FD6C-E34A-4D34-878E-FEAAA714341B}.Release|Any CPU.ActiveCfg = Release|Any CPU
		{7917FD6C-E34A-4D34-878E-FEAAA714341B}.Release|Any CPU.Build.0 = Release|Any CPU
		{F31DAC83-67B2-4477-A0CD-13496DAE3838}.Debug|Any CPU.ActiveCfg = Debug|Any CPU
		{F31DAC83-67B2-4477-A0CD-13496DAE3838}.Debug|Any CPU.Build.0 = Debug|Any CPU
		{F31DAC83-67B2-4477-A0CD-13496DAE3838}.Release|Any CPU.ActiveCfg = Release|Any CPU
		{F31DAC83-67B2-4477-A0CD-13496DAE3838}.Release|Any CPU.Build.0 = Release|Any CPU
		{78F8279C-1CBA-4B81-8542-A54EF060381B}.Debug|Any CPU.ActiveCfg = Debug|Any CPU
		{78F8279C-1CBA-4B81-8542-A54EF060381B}.Debug|Any CPU.Build.0 = Debug|Any CPU
		{78F8279C-1CBA-4B81-8542-A54EF060381B}.Release|Any CPU.ActiveCfg = Release|Any CPU
		{78F8279C-1CBA-4B81-8542-A54EF060381B}.Release|Any CPU.Build.0 = Release|Any CPU
		{3136038A-9314-4D31-8564-D5B78E689675}.Debug|Any CPU.ActiveCfg = Debug|Any CPU
		{3136038A-9314-4D31-8564-D5B78E689675}.Debug|Any CPU.Build.0 = Debug|Any CPU
		{3136038A-9314-4D31-8564-D5B78E689675}.Release|Any CPU.ActiveCfg = Release|Any CPU
		{3136038A-9314-4D31-8564-D5B78E689675}.Release|Any CPU.Build.0 = Release|Any CPU
		{A8245470-5D5E-4810-8D80-84E114856837}.Debug|Any CPU.ActiveCfg = Debug|Any CPU
		{A8245470-5D5E-4810-8D80-84E114856837}.Debug|Any CPU.Build.0 = Debug|Any CPU
		{A8245470-5D5E-4810-8D80-84E114856837}.Release|Any CPU.ActiveCfg = Release|Any CPU
		{A8245470-5D5E-4810-8D80-84E114856837}.Release|Any CPU.Build.0 = Release|Any CPU
		{1210E59A-041E-4D6B-8BBA-89B1F7F2ACB9}.Debug|Any CPU.ActiveCfg = Debug|Any CPU
		{1210E59A-041E-4D6B-8BBA-89B1F7F2ACB9}.Debug|Any CPU.Build.0 = Debug|Any CPU
		{1210E59A-041E-4D6B-8BBA-89B1F7F2ACB9}.Release|Any CPU.ActiveCfg = Release|Any CPU
		{1210E59A-041E-4D6B-8BBA-89B1F7F2ACB9}.Release|Any CPU.Build.0 = Release|Any CPU
		{037A1E76-5E92-4631-A5B7-9FFD502F39F2}.Debug|Any CPU.ActiveCfg = Debug|Any CPU
		{037A1E76-5E92-4631-A5B7-9FFD502F39F2}.Debug|Any CPU.Build.0 = Debug|Any CPU
		{037A1E76-5E92-4631-A5B7-9FFD502F39F2}.Release|Any CPU.ActiveCfg = Release|Any CPU
		{037A1E76-5E92-4631-A5B7-9FFD502F39F2}.Release|Any CPU.Build.0 = Release|Any CPU
		{B6BCF592-E809-4B38-A10F-AB1799D69AA3}.Debug|Any CPU.ActiveCfg = Debug|Any CPU
		{B6BCF592-E809-4B38-A10F-AB1799D69AA3}.Debug|Any CPU.Build.0 = Debug|Any CPU
		{B6BCF592-E809-4B38-A10F-AB1799D69AA3}.Release|Any CPU.ActiveCfg = Release|Any CPU
		{B6BCF592-E809-4B38-A10F-AB1799D69AA3}.Release|Any CPU.Build.0 = Release|Any CPU
		{D0F4856B-E867-4CC8-844A-94617F12F4DD}.Debug|Any CPU.ActiveCfg = Debug|Any CPU
		{D0F4856B-E867-4CC8-844A-94617F12F4DD}.Debug|Any CPU.Build.0 = Debug|Any CPU
		{D0F4856B-E867-4CC8-844A-94617F12F4DD}.Release|Any CPU.ActiveCfg = Release|Any CPU
		{D0F4856B-E867-4CC8-844A-94617F12F4DD}.Release|Any CPU.Build.0 = Release|Any CPU
		{2451AC9B-A4E8-4CB5-8010-84EBB5BA4854}.Debug|Any CPU.ActiveCfg = Debug|Any CPU
		{2451AC9B-A4E8-4CB5-8010-84EBB5BA4854}.Debug|Any CPU.Build.0 = Debug|Any CPU
		{2451AC9B-A4E8-4CB5-8010-84EBB5BA4854}.Release|Any CPU.ActiveCfg = Release|Any CPU
		{2451AC9B-A4E8-4CB5-8010-84EBB5BA4854}.Release|Any CPU.Build.0 = Release|Any CPU
		{D97906BA-4DF7-40AC-8B28-BDD721D5227A}.Debug|Any CPU.ActiveCfg = Debug|Any CPU
		{D97906BA-4DF7-40AC-8B28-BDD721D5227A}.Debug|Any CPU.Build.0 = Debug|Any CPU
		{D97906BA-4DF7-40AC-8B28-BDD721D5227A}.Release|Any CPU.ActiveCfg = Release|Any CPU
		{D97906BA-4DF7-40AC-8B28-BDD721D5227A}.Release|Any CPU.Build.0 = Release|Any CPU
		{8DAF6744-4890-4EED-A828-ACDF97490949}.Debug|Any CPU.ActiveCfg = Debug|Any CPU
		{8DAF6744-4890-4EED-A828-ACDF97490949}.Debug|Any CPU.Build.0 = Debug|Any CPU
		{8DAF6744-4890-4EED-A828-ACDF97490949}.Release|Any CPU.ActiveCfg = Release|Any CPU
		{8DAF6744-4890-4EED-A828-ACDF97490949}.Release|Any CPU.Build.0 = Release|Any CPU
		{6091EE88-0E08-47F8-A6D5-E1EB18B169A5}.Debug|Any CPU.ActiveCfg = Debug|Any CPU
		{6091EE88-0E08-47F8-A6D5-E1EB18B169A5}.Debug|Any CPU.Build.0 = Debug|Any CPU
		{6091EE88-0E08-47F8-A6D5-E1EB18B169A5}.Release|Any CPU.ActiveCfg = Release|Any CPU
		{6091EE88-0E08-47F8-A6D5-E1EB18B169A5}.Release|Any CPU.Build.0 = Release|Any CPU
		{532792BA-4648-4212-95A3-638126325A97}.Debug|Any CPU.ActiveCfg = Debug|Any CPU
		{532792BA-4648-4212-95A3-638126325A97}.Debug|Any CPU.Build.0 = Debug|Any CPU
		{532792BA-4648-4212-95A3-638126325A97}.Release|Any CPU.ActiveCfg = Release|Any CPU
		{532792BA-4648-4212-95A3-638126325A97}.Release|Any CPU.Build.0 = Release|Any CPU
		{9AEF3FF7-14FC-42E3-931D-A48A3BF86D3E}.Debug|Any CPU.ActiveCfg = Debug|Any CPU
		{9AEF3FF7-14FC-42E3-931D-A48A3BF86D3E}.Debug|Any CPU.Build.0 = Debug|Any CPU
		{9AEF3FF7-14FC-42E3-931D-A48A3BF86D3E}.Release|Any CPU.ActiveCfg = Release|Any CPU
		{9AEF3FF7-14FC-42E3-931D-A48A3BF86D3E}.Release|Any CPU.Build.0 = Release|Any CPU
		{7D217A45-99AA-45BE-9D1D-060BB976B463}.Debug|Any CPU.ActiveCfg = Debug|Any CPU
		{7D217A45-99AA-45BE-9D1D-060BB976B463}.Debug|Any CPU.Build.0 = Debug|Any CPU
		{7D217A45-99AA-45BE-9D1D-060BB976B463}.Release|Any CPU.ActiveCfg = Release|Any CPU
		{7D217A45-99AA-45BE-9D1D-060BB976B463}.Release|Any CPU.Build.0 = Release|Any CPU
		{18C21839-9EBB-4356-A141-FA2CBCB9FC76}.Debug|Any CPU.ActiveCfg = Debug|Any CPU
		{18C21839-9EBB-4356-A141-FA2CBCB9FC76}.Debug|Any CPU.Build.0 = Debug|Any CPU
		{18C21839-9EBB-4356-A141-FA2CBCB9FC76}.Release|Any CPU.ActiveCfg = Release|Any CPU
		{18C21839-9EBB-4356-A141-FA2CBCB9FC76}.Release|Any CPU.Build.0 = Release|Any CPU
		{F88A6619-A3CD-4BD1-ADFB-FA1FEBE37FC2}.Debug|Any CPU.ActiveCfg = Debug|Any CPU
		{F88A6619-A3CD-4BD1-ADFB-FA1FEBE37FC2}.Debug|Any CPU.Build.0 = Debug|Any CPU
		{F88A6619-A3CD-4BD1-ADFB-FA1FEBE37FC2}.Release|Any CPU.ActiveCfg = Release|Any CPU
		{F88A6619-A3CD-4BD1-ADFB-FA1FEBE37FC2}.Release|Any CPU.Build.0 = Release|Any CPU
		{FF8A9994-B36D-4F7A-9A10-7641FD5D4C70}.Debug|Any CPU.ActiveCfg = Debug|Any CPU
		{FF8A9994-B36D-4F7A-9A10-7641FD5D4C70}.Debug|Any CPU.Build.0 = Debug|Any CPU
		{FF8A9994-B36D-4F7A-9A10-7641FD5D4C70}.Release|Any CPU.ActiveCfg = Release|Any CPU
		{FF8A9994-B36D-4F7A-9A10-7641FD5D4C70}.Release|Any CPU.Build.0 = Release|Any CPU
		{A8B5A640-E859-4346-8834-2EEEBB87BBA5}.Debug|Any CPU.ActiveCfg = Debug|Any CPU
		{A8B5A640-E859-4346-8834-2EEEBB87BBA5}.Debug|Any CPU.Build.0 = Debug|Any CPU
		{A8B5A640-E859-4346-8834-2EEEBB87BBA5}.Release|Any CPU.ActiveCfg = Release|Any CPU
		{A8B5A640-E859-4346-8834-2EEEBB87BBA5}.Release|Any CPU.Build.0 = Release|Any CPU
		{95052519-CF2C-45F5-88C3-E77EE1C1B962}.Debug|Any CPU.ActiveCfg = Debug|Any CPU
		{95052519-CF2C-45F5-88C3-E77EE1C1B962}.Debug|Any CPU.Build.0 = Debug|Any CPU
		{95052519-CF2C-45F5-88C3-E77EE1C1B962}.Release|Any CPU.ActiveCfg = Release|Any CPU
		{95052519-CF2C-45F5-88C3-E77EE1C1B962}.Release|Any CPU.Build.0 = Release|Any CPU
		{AA5C371B-686E-483A-AFFC-0484A77508FB}.Debug|Any CPU.ActiveCfg = Debug|Any CPU
		{AA5C371B-686E-483A-AFFC-0484A77508FB}.Debug|Any CPU.Build.0 = Debug|Any CPU
		{AA5C371B-686E-483A-AFFC-0484A77508FB}.Release|Any CPU.ActiveCfg = Release|Any CPU
		{AA5C371B-686E-483A-AFFC-0484A77508FB}.Release|Any CPU.Build.0 = Release|Any CPU
		{11F77D94-4626-491D-93EF-6A9915F43AB3}.Debug|Any CPU.ActiveCfg = Debug|Any CPU
		{11F77D94-4626-491D-93EF-6A9915F43AB3}.Debug|Any CPU.Build.0 = Debug|Any CPU
		{11F77D94-4626-491D-93EF-6A9915F43AB3}.Release|Any CPU.ActiveCfg = Release|Any CPU
		{11F77D94-4626-491D-93EF-6A9915F43AB3}.Release|Any CPU.Build.0 = Release|Any CPU
		{C072EE1F-CDC9-4AB9-ACD1-2DA8EE97D555}.Debug|Any CPU.ActiveCfg = Debug|Any CPU
		{C072EE1F-CDC9-4AB9-ACD1-2DA8EE97D555}.Debug|Any CPU.Build.0 = Debug|Any CPU
		{C072EE1F-CDC9-4AB9-ACD1-2DA8EE97D555}.Release|Any CPU.ActiveCfg = Release|Any CPU
		{C072EE1F-CDC9-4AB9-ACD1-2DA8EE97D555}.Release|Any CPU.Build.0 = Release|Any CPU
		{6F179C39-1FE4-401E-B30C-D6D73B6A51C3}.Debug|Any CPU.ActiveCfg = Debug|Any CPU
		{6F179C39-1FE4-401E-B30C-D6D73B6A51C3}.Debug|Any CPU.Build.0 = Debug|Any CPU
		{6F179C39-1FE4-401E-B30C-D6D73B6A51C3}.Release|Any CPU.ActiveCfg = Release|Any CPU
		{6F179C39-1FE4-401E-B30C-D6D73B6A51C3}.Release|Any CPU.Build.0 = Release|Any CPU
		{F14EFF26-1CEA-473A-81CF-CFF01789FFF2}.Debug|Any CPU.ActiveCfg = Debug|Any CPU
		{F14EFF26-1CEA-473A-81CF-CFF01789FFF2}.Debug|Any CPU.Build.0 = Debug|Any CPU
		{F14EFF26-1CEA-473A-81CF-CFF01789FFF2}.Release|Any CPU.ActiveCfg = Release|Any CPU
		{F14EFF26-1CEA-473A-81CF-CFF01789FFF2}.Release|Any CPU.Build.0 = Release|Any CPU
		{9543AD92-E1B1-4F79-8DEA-540CD076D94C}.Debug|Any CPU.ActiveCfg = Debug|Any CPU
		{9543AD92-E1B1-4F79-8DEA-540CD076D94C}.Debug|Any CPU.Build.0 = Debug|Any CPU
		{9543AD92-E1B1-4F79-8DEA-540CD076D94C}.Release|Any CPU.ActiveCfg = Release|Any CPU
		{9543AD92-E1B1-4F79-8DEA-540CD076D94C}.Release|Any CPU.Build.0 = Release|Any CPU
		{610ABADC-71C7-4606-B441-706254716148}.Debug|Any CPU.ActiveCfg = Debug|Any CPU
		{610ABADC-71C7-4606-B441-706254716148}.Debug|Any CPU.Build.0 = Debug|Any CPU
		{610ABADC-71C7-4606-B441-706254716148}.Release|Any CPU.ActiveCfg = Release|Any CPU
		{610ABADC-71C7-4606-B441-706254716148}.Release|Any CPU.Build.0 = Release|Any CPU
		{8F8FFCF4-7AA8-43C7-9FDE-8C4562B04C84}.Debug|Any CPU.ActiveCfg = Debug|Any CPU
		{8F8FFCF4-7AA8-43C7-9FDE-8C4562B04C84}.Debug|Any CPU.Build.0 = Debug|Any CPU
		{8F8FFCF4-7AA8-43C7-9FDE-8C4562B04C84}.Release|Any CPU.ActiveCfg = Release|Any CPU
		{8F8FFCF4-7AA8-43C7-9FDE-8C4562B04C84}.Release|Any CPU.Build.0 = Release|Any CPU
		{8EC91DBA-B6B4-4F01-9B30-31CFACECED17}.Debug|Any CPU.ActiveCfg = Debug|Any CPU
		{8EC91DBA-B6B4-4F01-9B30-31CFACECED17}.Debug|Any CPU.Build.0 = Debug|Any CPU
		{8EC91DBA-B6B4-4F01-9B30-31CFACECED17}.Release|Any CPU.ActiveCfg = Release|Any CPU
		{8EC91DBA-B6B4-4F01-9B30-31CFACECED17}.Release|Any CPU.Build.0 = Release|Any CPU
		{97A7C2B4-AB5B-4A67-8888-F4C47039AEE0}.Debug|Any CPU.ActiveCfg = Debug|Any CPU
		{97A7C2B4-AB5B-4A67-8888-F4C47039AEE0}.Debug|Any CPU.Build.0 = Debug|Any CPU
		{97A7C2B4-AB5B-4A67-8888-F4C47039AEE0}.Release|Any CPU.ActiveCfg = Release|Any CPU
		{97A7C2B4-AB5B-4A67-8888-F4C47039AEE0}.Release|Any CPU.Build.0 = Release|Any CPU
	EndGlobalSection
	GlobalSection(SolutionProperties) = preSolution
		HideSolutionNode = FALSE
	EndGlobalSection
	GlobalSection(ExtensibilityGlobals) = postSolution
		SolutionGuid = {B005F871-0C48-44B9-A223-E94D7B200254}
	EndGlobalSection
EndGlobal
