
Microsoft Visual Studio Solution File, Format Version 12.00
# Visual Studio 15
VisualStudioVersion = 15.0.28307.421
MinimumVisualStudioVersion = 10.0.40219.1
Project("{9A19103F-16F7-4668-BE54-9A1E7A4F7556}") = "01. Matrix", "01. Matrix\01. Matrix.csproj", "{158EA556-330D-4046-B472-9CF69E28CF40}"
EndProject
Project("{9A19103F-16F7-4668-BE54-9A1E7A4F7556}") = "02. Number Pyramid", "02. Number Pyramid\02. Number Pyramid.csproj", "{37C89A5A-3FC8-4BFE-95D2-C0438089C1FA}"
EndProject
Project("{9A19103F-16F7-4668-BE54-9A1E7A4F7556}") = "03. Coding", "03. Coding\03. Coding.csproj", "{9378D283-4DB2-4E48-BB27-B02403E14493}"
EndProject
Project("{FAE04EC0-301F-11D3-BF4B-00C04F79EFBC}") = "04. Equal Sums Even Odd Position", "04. Equal Sums Even Odd Position\04. Equal Sums Even Odd Position.csproj", "{6B897CEA-464A-4A40-960B-9B07E9B83E2C}"
EndProject
Project("{FAE04EC0-301F-11D3-BF4B-00C04F79EFBC}") = "05. Equal Sums Left Right Position", "05. Equal Sums Left Right Position\05. Equal Sums Left Right Position.csproj", "{F2EF473D-8669-444B-AA9A-BB0E5980DF54}"
EndProject
Global
	GlobalSection(SolutionConfigurationPlatforms) = preSolution
		Debug|Any CPU = Debug|Any CPU
		Release|Any CPU = Release|Any CPU
	EndGlobalSection
	GlobalSection(ProjectConfigurationPlatforms) = postSolution
		{158EA556-330D-4046-B472-9CF69E28CF40}.Debug|Any CPU.ActiveCfg = Debug|Any CPU
		{158EA556-330D-4046-B472-9CF69E28CF40}.Debug|Any CPU.Build.0 = Debug|Any CPU
		{158EA556-330D-4046-B472-9CF69E28CF40}.Release|Any CPU.ActiveCfg = Release|Any CPU
		{158EA556-330D-4046-B472-9CF69E28CF40}.Release|Any CPU.Build.0 = Release|Any CPU
		{37C89A5A-3FC8-4BFE-95D2-C0438089C1FA}.Debug|Any CPU.ActiveCfg = Debug|Any CPU
		{37C89A5A-3FC8-4BFE-95D2-C0438089C1FA}.Debug|Any CPU.Build.0 = Debug|Any CPU
		{37C89A5A-3FC8-4BFE-95D2-C0438089C1FA}.Release|Any CPU.ActiveCfg = Release|Any CPU
		{37C89A5A-3FC8-4BFE-95D2-C0438089C1FA}.Release|Any CPU.Build.0 = Release|Any CPU
		{9378D283-4DB2-4E48-BB27-B02403E14493}.Debug|Any CPU.ActiveCfg = Debug|Any CPU
		{9378D283-4DB2-4E48-BB27-B02403E14493}.Debug|Any CPU.Build.0 = Debug|Any CPU
		{9378D283-4DB2-4E48-BB27-B02403E14493}.Release|Any CPU.ActiveCfg = Release|Any CPU
		{9378D283-4DB2-4E48-BB27-B02403E14493}.Release|Any CPU.Build.0 = Release|Any CPU
		{6B897CEA-464A-4A40-960B-9B07E9B83E2C}.Debug|Any CPU.ActiveCfg = Debug|Any CPU
		{6B897CEA-464A-4A40-960B-9B07E9B83E2C}.Debug|Any CPU.Build.0 = Debug|Any CPU
		{6B897CEA-464A-4A40-960B-9B07E9B83E2C}.Release|Any CPU.ActiveCfg = Release|Any CPU
		{6B897CEA-464A-4A40-960B-9B07E9B83E2C}.Release|Any CPU.Build.0 = Release|Any CPU
		{F2EF473D-8669-444B-AA9A-BB0E5980DF54}.Debug|Any CPU.ActiveCfg = Debug|Any CPU
		{F2EF473D-8669-444B-AA9A-BB0E5980DF54}.Debug|Any CPU.Build.0 = Debug|Any CPU
		{F2EF473D-8669-444B-AA9A-BB0E5980DF54}.Release|Any CPU.ActiveCfg = Release|Any CPU
		{F2EF473D-8669-444B-AA9A-BB0E5980DF54}.Release|Any CPU.Build.0 = Release|Any CPU
	EndGlobalSection
	GlobalSection(SolutionProperties) = preSolution
		HideSolutionNode = FALSE
	EndGlobalSection
	GlobalSection(ExtensibilityGlobals) = postSolution
		SolutionGuid = {9BCDF768-87E3-4676-B991-8ED0487AC160}
	EndGlobalSection
EndGlobal
