
Microsoft Visual Studio Solution File, Format Version 12.00
# Visual Studio 15
VisualStudioVersion = 15.0.28307.329
MinimumVisualStudioVersion = 10.0.40219.1
Project("{FAE04EC0-301F-11D3-BF4B-00C04F79EFBC}") = "First Steps in Coding", "First Steps in Coding\First Steps in Coding.csproj", "{BC2279E4-4901-4AA9-9AC8-D7D87D26DB1C}"
EndProject
Project("{FAE04EC0-301F-11D3-BF4B-00C04F79EFBC}") = "Expression", "Expression\Expression.csproj", "{1587CDE0-40EB-40E1-9074-69EA0653B425}"
EndProject
Project("{FAE04EC0-301F-11D3-BF4B-00C04F79EFBC}") = "Nums1to20", "Nums1to20\Nums1to20.csproj", "{6EB9EECF-5E7B-4C32-8D93-DFC8B979CA1B}"
EndProject
Project("{FAE04EC0-301F-11D3-BF4B-00C04F79EFBC}") = "AreaRec", "AreaRec\AreaRec.csproj", "{BBB31706-CE8B-43F9-A24C-700AF91FBC6B}"
EndProject
Global
	GlobalSection(SolutionConfigurationPlatforms) = preSolution
		Debug|Any CPU = Debug|Any CPU
		Release|Any CPU = Release|Any CPU
	EndGlobalSection
	GlobalSection(ProjectConfigurationPlatforms) = postSolution
		{BC2279E4-4901-4AA9-9AC8-D7D87D26DB1C}.Debug|Any CPU.ActiveCfg = Debug|Any CPU
		{BC2279E4-4901-4AA9-9AC8-D7D87D26DB1C}.Debug|Any CPU.Build.0 = Debug|Any CPU
		{BC2279E4-4901-4AA9-9AC8-D7D87D26DB1C}.Release|Any CPU.ActiveCfg = Release|Any CPU
		{BC2279E4-4901-4AA9-9AC8-D7D87D26DB1C}.Release|Any CPU.Build.0 = Release|Any CPU
		{1587CDE0-40EB-40E1-9074-69EA0653B425}.Debug|Any CPU.ActiveCfg = Debug|Any CPU
		{1587CDE0-40EB-40E1-9074-69EA0653B425}.Debug|Any CPU.Build.0 = Debug|Any CPU
		{1587CDE0-40EB-40E1-9074-69EA0653B425}.Release|Any CPU.ActiveCfg = Release|Any CPU
		{1587CDE0-40EB-40E1-9074-69EA0653B425}.Release|Any CPU.Build.0 = Release|Any CPU
		{6EB9EECF-5E7B-4C32-8D93-DFC8B979CA1B}.Debug|Any CPU.ActiveCfg = Debug|Any CPU
		{6EB9EECF-5E7B-4C32-8D93-DFC8B979CA1B}.Debug|Any CPU.Build.0 = Debug|Any CPU
		{6EB9EECF-5E7B-4C32-8D93-DFC8B979CA1B}.Release|Any CPU.ActiveCfg = Release|Any CPU
		{6EB9EECF-5E7B-4C32-8D93-DFC8B979CA1B}.Release|Any CPU.Build.0 = Release|Any CPU
		{BBB31706-CE8B-43F9-A24C-700AF91FBC6B}.Debug|Any CPU.ActiveCfg = Debug|Any CPU
		{BBB31706-CE8B-43F9-A24C-700AF91FBC6B}.Debug|Any CPU.Build.0 = Debug|Any CPU
		{BBB31706-CE8B-43F9-A24C-700AF91FBC6B}.Release|Any CPU.ActiveCfg = Release|Any CPU
		{BBB31706-CE8B-43F9-A24C-700AF91FBC6B}.Release|Any CPU.Build.0 = Release|Any CPU
	EndGlobalSection
	GlobalSection(SolutionProperties) = preSolution
		HideSolutionNode = FALSE
	EndGlobalSection
	GlobalSection(ExtensibilityGlobals) = postSolution
		SolutionGuid = {E2BFB15B-71DB-4A82-B81A-4E8F1FF77FF5}
	EndGlobalSection
EndGlobal
